// !$*UTF8*$!
{
	archiveVersion = 1;
	classes = {
	};
	objectVersion = 46;
	objects = {
/* Begin PBXBuildFile section */
		0207DA581B56EA530066E2B4 /* Images.xcassets in Resources */ = {isa = PBXBuildFile; fileRef = 0207DA571B56EA530066E2B4 /* Images.xcassets */; };
		1D3623260D0F684500981E51 /* AppDelegate.m in Sources */ = {isa = PBXBuildFile; fileRef = 1D3623250D0F684500981E51 /* AppDelegate.m */; };
		1D60589B0D05DD56006BFB54 /* main.m in Sources */ = {isa = PBXBuildFile; fileRef = 29B97316FDCFA39411CA2CEA /* main.m */; };
		301BF552109A68D80062928A /* libCordova.a in Frameworks */ = {isa = PBXBuildFile; fileRef = 301BF535109A57CC0062928A /* libCordova.a */; };
		302D95F114D2391D003F00A1 /* MainViewController.m in Sources */ = {isa = PBXBuildFile; fileRef = 302D95EF14D2391D003F00A1 /* MainViewController.m */; };
		302D95F214D2391D003F00A1 /* MainViewController.xib in Resources */ = {isa = PBXBuildFile; fileRef = 302D95F014D2391D003F00A1 /* MainViewController.xib */; };
		3047A5121AB8059700498E2A /* build-debug.xcconfig in Resources */ = {isa = PBXBuildFile; fileRef = 3047A50F1AB8059700498E2A /* build-debug.xcconfig */; };
		3047A5131AB8059700498E2A /* build-release.xcconfig in Resources */ = {isa = PBXBuildFile; fileRef = 3047A5101AB8059700498E2A /* build-release.xcconfig */; };
		3047A5141AB8059700498E2A /* build.xcconfig in Resources */ = {isa = PBXBuildFile; fileRef = 3047A5111AB8059700498E2A /* build.xcconfig */; };
		6AFF5BF91D6E424B00AB3073 /* CDVLaunchScreen.storyboard in Resources */ = {isa = PBXBuildFile; fileRef = 6AFF5BF81D6E424B00AB3073 /* CDVLaunchScreen.storyboard */; };
		D25F9250AA904A9A87857C96 /* UIImage+CropScaleOrientation.m in Sources */ = {isa = PBXBuildFile; fileRef = 1C2D47C5ED184B89992E684E /* UIImage+CropScaleOrientation.m */; };
		3BAD185FA41546849825555F /* CDVCamera.m in Sources */ = {isa = PBXBuildFile; fileRef = 9BD0F2BC210549068DA28CC3 /* CDVCamera.m */; };
		4E5C6FB766CE4719B2D48E8C /* CDVJpegHeaderWriter.m in Sources */ = {isa = PBXBuildFile; fileRef = B5E6853EE58D43138B7A0A21 /* CDVJpegHeaderWriter.m */; };
		B1593AC5F3CA456DAD8E115D /* ImageIO.framework in Frameworks */ = {isa = PBXBuildFile; fileRef = D8BF833FC6E0426E870F0006 /* ImageIO.framework */; settings = {ATTRIBUTES = (Weak, ); }; };
		D48571E125474058A5EF51D5 /* CoreLocation.framework in Frameworks */ = {isa = PBXBuildFile; fileRef = 3F4A215916704565A8DC7838 /* CoreLocation.framework */; };
		F9E4420B29BD4C2D901AE189 /* AVFoundation.framework in Frameworks */ = {isa = PBXBuildFile; fileRef = E807F69EA09E4437847447CF /* AVFoundation.framework */; };
		24C9A207B6DF4D3F8F70961F /* CDVLogger.m in Sources */ = {isa = PBXBuildFile; fileRef = F4C4BF0A176A426EBFFEA597 /* CDVLogger.m */; };
		59E7D834A3AC4EA79348F421 /* CDVContacts.m in Sources */ = {isa = PBXBuildFile; fileRef = A5219375C4444E5FB8DFC5E6 /* CDVContacts.m */; };
		6F8B0970BF4044B79559BCF4 /* CDVContact.m in Sources */ = {isa = PBXBuildFile; fileRef = 9419C6DF553845F6A1E31114 /* CDVContact.m */; };
		D15A3ADFBD1A447A9D694A5B /* AddressBook.framework in Frameworks */ = {isa = PBXBuildFile; fileRef = D0292E8D72BA467186CD2071 /* AddressBook.framework */; settings = {ATTRIBUTES = (Weak, ); }; };
		9D7C75049A3E4A89A24C902F /* AddressBookUI.framework in Frameworks */ = {isa = PBXBuildFile; fileRef = B0E17A9FB89E4D4E8D77B52E /* AddressBookUI.framework */; settings = {ATTRIBUTES = (Weak, ); }; };
		68F01D799BEC4286A113B12D /* CDVDevice.m in Sources */ = {isa = PBXBuildFile; fileRef = 83C25490B3DC4A698A92B6A3 /* CDVDevice.m */; };
		F8E79FCF294D4E9CBEFE42AD /* CDVFile.m in Sources */ = {isa = PBXBuildFile; fileRef = 72755423A7584861832D90D3 /* CDVFile.m */; };
		6889B02E6C6B4C72AB6679EF /* CDVLocalFilesystem.m in Sources */ = {isa = PBXBuildFile; fileRef = 1B3875C4740349DD93A2E13D /* CDVLocalFilesystem.m */; };
		D4CACAF6CF70471FB6154A5B /* CDVAssetLibraryFilesystem.m in Sources */ = {isa = PBXBuildFile; fileRef = 7C7FC4DE35A14620AA97F7B0 /* CDVAssetLibraryFilesystem.m */; };
		754339EF3346447098056E48 /* AppDelegate+FirebasePlugin.m in Sources */ = {isa = PBXBuildFile; fileRef = EE414AC8FE514E239E0DF51D /* AppDelegate+FirebasePlugin.m */; };
		17ECA07BAB9348E28F5A4376 /* FirebasePlugin.m in Sources */ = {isa = PBXBuildFile; fileRef = DC8695C19D4941AD8199DC37 /* FirebasePlugin.m */; };
		A828B97861C0486DA2489183 /* GoogleService-Info.plist in Resources */ = {isa = PBXBuildFile; fileRef = 2BC7A33A4EA540059B1E12AC /* GoogleService-Info.plist */; };
		A1D7410907704580980AF573 /* FirebaseAnalytics.framework in Frameworks */ = {isa = PBXBuildFile; fileRef = 96ACC530FEF345A3A23D4FD1 /* FirebaseAnalytics.framework */; };
		3A9037273D2946B4ACD555B4 /* FirebaseCore.framework in Frameworks */ = {isa = PBXBuildFile; fileRef = BF70B17F23F5475AA33578AE /* FirebaseCore.framework */; };
		B1645FE52B8D4C198D345FF2 /* FirebaseInstanceID.framework in Frameworks */ = {isa = PBXBuildFile; fileRef = F8FBEFA6D4774C88AC83789D /* FirebaseInstanceID.framework */; };
		C0D854522D9F4E818CFF9BDB /* GoogleInterchangeUtilities.framework in Frameworks */ = {isa = PBXBuildFile; fileRef = 35EE6DF31EB4468AA7FD4840 /* GoogleInterchangeUtilities.framework */; };
		9585D014C2194A7AAFF1094D /* GoogleSymbolUtilities.framework in Frameworks */ = {isa = PBXBuildFile; fileRef = 822CA548FBD3452CAB8808AE /* GoogleSymbolUtilities.framework */; };
		75BCFB1D69084ABFBED9B755 /* GoogleUtilities.framework in Frameworks */ = {isa = PBXBuildFile; fileRef = 4EFADD460E3D465ABEE7933D /* GoogleUtilities.framework */; };
		3CF9CC063BC54165A7DE71A5 /* FirebaseMessaging.framework in Frameworks */ = {isa = PBXBuildFile; fileRef = DB9E4AE7E2284128AC1941BA /* FirebaseMessaging.framework */; };
		273B2849FD11404DA3FDCB4B /* GoogleIPhoneUtilities.framework in Frameworks */ = {isa = PBXBuildFile; fileRef = CEEF95B38D5B48D59D25F129 /* GoogleIPhoneUtilities.framework */; };
		8C3816B4151D428E969E2EE9 /* FirebaseCrash.framework in Frameworks */ = {isa = PBXBuildFile; fileRef = B97060AEA2EE489D8A7A8F83 /* FirebaseCrash.framework */; };
		9AD1EEEAF512407DB906C51B /* FirebaseRemoteConfig.framework in Frameworks */ = {isa = PBXBuildFile; fileRef = 7439B777DB0448BDA6D0DDDC /* FirebaseRemoteConfig.framework */; };
		612D4FB028E447328D448898 /* CDVLocation.m in Sources */ = {isa = PBXBuildFile; fileRef = 0E75C3DD2F7E4A539F113CF4 /* CDVLocation.m */; };
		2D86955A726E4C699D55280A /* GooglePlus.m in Sources */ = {isa = PBXBuildFile; fileRef = A542E97EA36B4212A40FE42A /* GooglePlus.m */; };
		A8B1A30402C54F97874187AA /* GoogleAppUtilities.framework in Frameworks */ = {isa = PBXBuildFile; fileRef = A4436A636CD74544999DB97E /* GoogleAppUtilities.framework */; };
		70802643A50D47C2BBED0202 /* GoogleAuthUtilities.framework in Frameworks */ = {isa = PBXBuildFile; fileRef = B3585B1E284540B392B57EE5 /* GoogleAuthUtilities.framework */; };
		ED388F5441B342438BB0477F /* GoogleNetworkingUtilities.framework in Frameworks */ = {isa = PBXBuildFile; fileRef = 645A086292624882BCB6DD84 /* GoogleNetworkingUtilities.framework */; };
		A77E69E9CECE4A579EBFC686 /* GoogleSignIn.framework in Frameworks */ = {isa = PBXBuildFile; fileRef = B9965019548B4E71AA590207 /* GoogleSignIn.framework */; };
		393452B3D3C04CC9A9DE404B /* GoogleSymbolUtilities.framework in Frameworks */ = {isa = PBXBuildFile; fileRef = 66CB8E4A6D2943B4AA2B8E79 /* GoogleSymbolUtilities.framework */; };
		AFF33EEFD77C4C2ABF8B5BBE /* GoogleUtilities.framework in Frameworks */ = {isa = PBXBuildFile; fileRef = 04E9B44183AE49E7A2A84E18 /* GoogleUtilities.framework */; };
		F07B8A791CE8477EB2A06568 /* CoreText.framework in Frameworks */ = {isa = PBXBuildFile; fileRef = E316D017DF944901A891BB98 /* CoreText.framework */; settings = {ATTRIBUTES = (Weak, ); }; };
		CB6503099918482B977EBF3D /* SafariServices.framework in Frameworks */ = {isa = PBXBuildFile; fileRef = CD8E5E78CF4048759179FFAE /* SafariServices.framework */; settings = {ATTRIBUTES = (Weak, ); }; };
		28A97960A0B848AF80E80E6E /* Security.framework in Frameworks */ = {isa = PBXBuildFile; fileRef = D24A8170EC814BC8B82F17C7 /* Security.framework */; settings = {ATTRIBUTES = (Weak, ); }; };
		22BEFF25808248E988A1C9F9 /* SystemConfiguration.framework in Frameworks */ = {isa = PBXBuildFile; fileRef = 76AA896B811F4C328CAB0102 /* SystemConfiguration.framework */; settings = {ATTRIBUTES = (Weak, ); }; };
		EC100BFFAB854C5AB82EBD02 /* libz.tbd in Frameworks */ = {isa = PBXBuildFile; fileRef = 755C32B7715B4F2CB50CD9C0 /* libz.tbd */; settings = {ATTRIBUTES = (Weak, ); }; };
		71B4CFC3AEA145A688D6A3F8 /* libz.dylib in Frameworks */ = {isa = PBXBuildFile; fileRef = 1CB787D5780B4C88B4055776 /* libz.dylib */; settings = {ATTRIBUTES = (Weak, ); }; };
		A78E87C0E00C4086B3EC9605 /* CDVCapture.m in Sources */ = {isa = PBXBuildFile; fileRef = 8D0A81883EAC4CDDA2F21FF5 /* CDVCapture.m */; };
		F060FAD856EE4737AB6AA24A /* CDVCapture.bundle in Resources */ = {isa = PBXBuildFile; fileRef = 4B2895018962494CBABA2ADA /* CDVCapture.bundle */; };
		2C74325DB66B41A29021553D /* CDVSplashScreen.m in Sources */ = {isa = PBXBuildFile; fileRef = E9AEAA71D2B84303B383155C /* CDVSplashScreen.m */; };
		0844C6997C124B589E7F637F /* CDVViewController+SplashScreen.m in Sources */ = {isa = PBXBuildFile; fileRef = 6101F736EE0646C08DEC4DDE /* CDVViewController+SplashScreen.m */; };
		325240F5E0C941359E79C651 /* CDVStatusBar.m in Sources */ = {isa = PBXBuildFile; fileRef = 5EF44E53C3444B6BB610867E /* CDVStatusBar.m */; };
		8065C68554A7487E9884A7EE /* IonicKeyboard.m in Sources */ = {isa = PBXBuildFile; fileRef = E0BDC1840AD1488C8B0DC255 /* IonicKeyboard.m */; };
/* End PBXBuildFile section */

/* Begin PBXContainerItemProxy section */
		301BF534109A57CC0062928A /* PBXContainerItemProxy */ = {
			isa = PBXContainerItemProxy;
			containerPortal = 301BF52D109A57CC0062928A /* CordovaLib.xcodeproj */;
			proxyType = 2;
			remoteGlobalIDString = D2AAC07E0554694100DB518D;
			remoteInfo = CordovaLib;
		};
		301BF550109A68C00062928A /* PBXContainerItemProxy */ = {
			isa = PBXContainerItemProxy;
			containerPortal = 301BF52D109A57CC0062928A /* CordovaLib.xcodeproj */;
			proxyType = 1;
			remoteGlobalIDString = D2AAC07D0554694100DB518D;
			remoteInfo = CordovaLib;
		};
/* End PBXContainerItemProxy section */

/* Begin PBXFileReference section */
		0207DA571B56EA530066E2B4 /* Images.xcassets */ = {isa = PBXFileReference; lastKnownFileType = folder.assetcatalog; name = Images.xcassets; path = "TOLK/Images.xcassets"; sourceTree = SOURCE_ROOT; };
		1D3623240D0F684500981E51 /* AppDelegate.h */ = {isa = PBXFileReference; fileEncoding = 4; lastKnownFileType = sourcecode.c.h; path = AppDelegate.h; sourceTree = "<group>"; };
		1D3623250D0F684500981E51 /* AppDelegate.m */ = {isa = PBXFileReference; fileEncoding = 4; lastKnownFileType = sourcecode.c.objc; path = AppDelegate.m; sourceTree = "<group>"; };
		1D6058910D05DD3D006BFB54 /* TOLK.app */ = {isa = PBXFileReference; explicitFileType = wrapper.application; includeInIndex = 0; path = "TOLK.app"; sourceTree = BUILT_PRODUCTS_DIR; };
		29B97316FDCFA39411CA2CEA /* main.m */ = {isa = PBXFileReference; fileEncoding = 4; lastKnownFileType = sourcecode.c.objc; path = main.m; sourceTree = "<group>"; };
		301BF52D109A57CC0062928A /* CordovaLib.xcodeproj */ = {isa = PBXFileReference; lastKnownFileType = "wrapper.pb-project"; path = CordovaLib/CordovaLib.xcodeproj; sourceTree = "<group>"; };
		301BF56E109A69640062928A /* www */ = {isa = PBXFileReference; lastKnownFileType = folder; path = www; sourceTree = SOURCE_ROOT; };
		302D95EE14D2391D003F00A1 /* MainViewController.h */ = {isa = PBXFileReference; fileEncoding = 4; lastKnownFileType = sourcecode.c.h; path = MainViewController.h; sourceTree = "<group>"; };
		302D95EF14D2391D003F00A1 /* MainViewController.m */ = {isa = PBXFileReference; fileEncoding = 4; lastKnownFileType = sourcecode.c.objc; path = MainViewController.m; sourceTree = "<group>"; };
		302D95F014D2391D003F00A1 /* MainViewController.xib */ = {isa = PBXFileReference; fileEncoding = 4; lastKnownFileType = file.xib; path = MainViewController.xib; sourceTree = "<group>"; };
		3047A50F1AB8059700498E2A /* build-debug.xcconfig */ = {isa = PBXFileReference; fileEncoding = 4; lastKnownFileType = text.xcconfig; name = "build-debug.xcconfig"; path = cordova/build-debug.xcconfig; sourceTree = SOURCE_ROOT; };
		3047A5101AB8059700498E2A /* build-release.xcconfig */ = {isa = PBXFileReference; fileEncoding = 4; lastKnownFileType = text.xcconfig; name = "build-release.xcconfig"; path = cordova/build-release.xcconfig; sourceTree = SOURCE_ROOT; };
		3047A5111AB8059700498E2A /* build.xcconfig */ = {isa = PBXFileReference; fileEncoding = 4; lastKnownFileType = text.xcconfig; name = build.xcconfig; path = cordova/build.xcconfig; sourceTree = SOURCE_ROOT; };
		32CA4F630368D1EE00C91783 /* TOLK-Prefix.pch */ = {isa = PBXFileReference; fileEncoding = 4; lastKnownFileType = sourcecode.c.h; path = "TOLK-Prefix.pch"; sourceTree = "<group>"; };
		6AFF5BF81D6E424B00AB3073 /* CDVLaunchScreen.storyboard */ = {isa = PBXFileReference; fileEncoding = 4; lastKnownFileType = file.storyboard; name = CDVLaunchScreen.storyboard; path = "TOLK/CDVLaunchScreen.storyboard"; sourceTree = SOURCE_ROOT; };
		8D1107310486CEB800E47090 /* TOLK-Info.plist */ = {isa = PBXFileReference; fileEncoding = 4; lastKnownFileType = text.plist.xml; name = "TOLK-Info.plist"; path = "TOLK/TOLK-Info.plist"; plistStructureDefinitionIdentifier = "com.apple.xcode.plist.structure-definition.iphone.info-plist"; sourceTree = SOURCE_ROOT; };
		EB87FDF31871DA8E0020F90C /* www */ = {isa = PBXFileReference; lastKnownFileType = folder; name = www; path = ../../www; sourceTree = "<group>"; };
		EB87FDF41871DAF40020F90C /* config.xml */ = {isa = PBXFileReference; lastKnownFileType = text.xml; name = config.xml; path = ../../config.xml; sourceTree = "<group>"; };
		F840E1F0165FE0F500CFE078 /* config.xml */ = {isa = PBXFileReference; lastKnownFileType = text.xml; name = config.xml; path = "TOLK/config.xml"; sourceTree = "<group>"; };
		ED33DF2A687741AEAF9F8254 /* Bridging-Header.h */ = {isa = PBXFileReference; fileEncoding = 4; lastKnownFileType = sourcecode.c.h; name = "Bridging-Header.h"; path = "Bridging-Header.h"; sourceTree = "<group>"; };
		1C2D47C5ED184B89992E684E /* UIImage+CropScaleOrientation.m */ = {isa = PBXFileReference; name = "UIImage+CropScaleOrientation.m"; path = "cordova-plugin-camera/UIImage+CropScaleOrientation.m"; sourceTree = "<group>"; fileEncoding = 4; lastKnownFileType = sourcecode.c.objc; explicitFileType = undefined; includeInIndex = 0; };
		9BD0F2BC210549068DA28CC3 /* CDVCamera.m */ = {isa = PBXFileReference; name = "CDVCamera.m"; path = "cordova-plugin-camera/CDVCamera.m"; sourceTree = "<group>"; fileEncoding = 4; lastKnownFileType = sourcecode.c.objc; explicitFileType = undefined; includeInIndex = 0; };
		B5E6853EE58D43138B7A0A21 /* CDVJpegHeaderWriter.m */ = {isa = PBXFileReference; name = "CDVJpegHeaderWriter.m"; path = "cordova-plugin-camera/CDVJpegHeaderWriter.m"; sourceTree = "<group>"; fileEncoding = 4; lastKnownFileType = sourcecode.c.objc; explicitFileType = undefined; includeInIndex = 0; };
		ACACD25A310F42E0A98540E4 /* UIImage+CropScaleOrientation.h */ = {isa = PBXFileReference; name = "UIImage+CropScaleOrientation.h"; path = "cordova-plugin-camera/UIImage+CropScaleOrientation.h"; sourceTree = "<group>"; fileEncoding = 4; lastKnownFileType = sourcecode.c.h; explicitFileType = undefined; includeInIndex = 0; };
		C3B8FFF5830648C39660A961 /* CDVCamera.h */ = {isa = PBXFileReference; name = "CDVCamera.h"; path = "cordova-plugin-camera/CDVCamera.h"; sourceTree = "<group>"; fileEncoding = 4; lastKnownFileType = sourcecode.c.h; explicitFileType = undefined; includeInIndex = 0; };
		EE1C2016AA8D47BBA4D1FB73 /* CDVJpegHeaderWriter.h */ = {isa = PBXFileReference; name = "CDVJpegHeaderWriter.h"; path = "cordova-plugin-camera/CDVJpegHeaderWriter.h"; sourceTree = "<group>"; fileEncoding = 4; lastKnownFileType = sourcecode.c.h; explicitFileType = undefined; includeInIndex = 0; };
		65E773720DB249949ADDC397 /* CDVExif.h */ = {isa = PBXFileReference; name = "CDVExif.h"; path = "cordova-plugin-camera/CDVExif.h"; sourceTree = "<group>"; fileEncoding = 4; lastKnownFileType = sourcecode.c.h; explicitFileType = undefined; includeInIndex = 0; };
		D8BF833FC6E0426E870F0006 /* ImageIO.framework */ = {isa = PBXFileReference; name = "ImageIO.framework"; path = "System/Library/Frameworks/ImageIO.framework"; sourceTree = SDKROOT; fileEncoding = undefined; lastKnownFileType = wrapper.framework; explicitFileType = undefined; includeInIndex = 0; };
		3F4A215916704565A8DC7838 /* CoreLocation.framework */ = {isa = PBXFileReference; name = "CoreLocation.framework"; path = "System/Library/Frameworks/CoreLocation.framework"; sourceTree = SDKROOT; fileEncoding = undefined; lastKnownFileType = wrapper.framework; explicitFileType = undefined; includeInIndex = 0; };
		E807F69EA09E4437847447CF /* AVFoundation.framework */ = {isa = PBXFileReference; name = "AVFoundation.framework"; path = "System/Library/Frameworks/AVFoundation.framework"; sourceTree = SDKROOT; fileEncoding = undefined; lastKnownFileType = wrapper.framework; explicitFileType = undefined; includeInIndex = 0; };
		F4C4BF0A176A426EBFFEA597 /* CDVLogger.m */ = {isa = PBXFileReference; name = "CDVLogger.m"; path = "cordova-plugin-console/CDVLogger.m"; sourceTree = "<group>"; fileEncoding = 4; lastKnownFileType = sourcecode.c.objc; explicitFileType = undefined; includeInIndex = 0; };
		BC273E7102BE4173AD8A1F6F /* CDVLogger.h */ = {isa = PBXFileReference; name = "CDVLogger.h"; path = "cordova-plugin-console/CDVLogger.h"; sourceTree = "<group>"; fileEncoding = 4; lastKnownFileType = sourcecode.c.h; explicitFileType = undefined; includeInIndex = 0; };
		A5219375C4444E5FB8DFC5E6 /* CDVContacts.m */ = {isa = PBXFileReference; name = "CDVContacts.m"; path = "cordova-plugin-contacts/CDVContacts.m"; sourceTree = "<group>"; fileEncoding = 4; lastKnownFileType = sourcecode.c.objc; explicitFileType = undefined; includeInIndex = 0; };
		9419C6DF553845F6A1E31114 /* CDVContact.m */ = {isa = PBXFileReference; name = "CDVContact.m"; path = "cordova-plugin-contacts/CDVContact.m"; sourceTree = "<group>"; fileEncoding = 4; lastKnownFileType = sourcecode.c.objc; explicitFileType = undefined; includeInIndex = 0; };
		0A9186280A8049D99185CA35 /* CDVContacts.h */ = {isa = PBXFileReference; name = "CDVContacts.h"; path = "cordova-plugin-contacts/CDVContacts.h"; sourceTree = "<group>"; fileEncoding = 4; lastKnownFileType = sourcecode.c.h; explicitFileType = undefined; includeInIndex = 0; };
		1D1147211268468FAEB8D84A /* CDVContact.h */ = {isa = PBXFileReference; name = "CDVContact.h"; path = "cordova-plugin-contacts/CDVContact.h"; sourceTree = "<group>"; fileEncoding = 4; lastKnownFileType = sourcecode.c.h; explicitFileType = undefined; includeInIndex = 0; };
		D0292E8D72BA467186CD2071 /* AddressBook.framework */ = {isa = PBXFileReference; name = "AddressBook.framework"; path = "System/Library/Frameworks/AddressBook.framework"; sourceTree = SDKROOT; fileEncoding = undefined; lastKnownFileType = wrapper.framework; explicitFileType = undefined; includeInIndex = 0; };
		B0E17A9FB89E4D4E8D77B52E /* AddressBookUI.framework */ = {isa = PBXFileReference; name = "AddressBookUI.framework"; path = "System/Library/Frameworks/AddressBookUI.framework"; sourceTree = SDKROOT; fileEncoding = undefined; lastKnownFileType = wrapper.framework; explicitFileType = undefined; includeInIndex = 0; };
		83C25490B3DC4A698A92B6A3 /* CDVDevice.m */ = {isa = PBXFileReference; name = "CDVDevice.m"; path = "cordova-plugin-device/CDVDevice.m"; sourceTree = "<group>"; fileEncoding = 4; lastKnownFileType = sourcecode.c.objc; explicitFileType = undefined; includeInIndex = 0; };
		AEBC9468AB064A418E781003 /* CDVDevice.h */ = {isa = PBXFileReference; name = "CDVDevice.h"; path = "cordova-plugin-device/CDVDevice.h"; sourceTree = "<group>"; fileEncoding = 4; lastKnownFileType = sourcecode.c.h; explicitFileType = undefined; includeInIndex = 0; };
		72755423A7584861832D90D3 /* CDVFile.m */ = {isa = PBXFileReference; name = "CDVFile.m"; path = "cordova-plugin-file/CDVFile.m"; sourceTree = "<group>"; fileEncoding = 4; lastKnownFileType = sourcecode.c.objc; explicitFileType = undefined; includeInIndex = 0; };
		1B3875C4740349DD93A2E13D /* CDVLocalFilesystem.m */ = {isa = PBXFileReference; name = "CDVLocalFilesystem.m"; path = "cordova-plugin-file/CDVLocalFilesystem.m"; sourceTree = "<group>"; fileEncoding = 4; lastKnownFileType = sourcecode.c.objc; explicitFileType = undefined; includeInIndex = 0; };
		7C7FC4DE35A14620AA97F7B0 /* CDVAssetLibraryFilesystem.m */ = {isa = PBXFileReference; name = "CDVAssetLibraryFilesystem.m"; path = "cordova-plugin-file/CDVAssetLibraryFilesystem.m"; sourceTree = "<group>"; fileEncoding = 4; lastKnownFileType = sourcecode.c.objc; explicitFileType = undefined; includeInIndex = 0; };
		94168DF77CD04E8BA998DF2A /* CDVFile.h */ = {isa = PBXFileReference; name = "CDVFile.h"; path = "cordova-plugin-file/CDVFile.h"; sourceTree = "<group>"; fileEncoding = 4; lastKnownFileType = sourcecode.c.h; explicitFileType = undefined; includeInIndex = 0; };
		E1D4D0DDC105410696350913 /* CDVLocalFilesystem.h */ = {isa = PBXFileReference; name = "CDVLocalFilesystem.h"; path = "cordova-plugin-file/CDVLocalFilesystem.h"; sourceTree = "<group>"; fileEncoding = 4; lastKnownFileType = sourcecode.c.h; explicitFileType = undefined; includeInIndex = 0; };
		CC3637BF1BF54B7ABEC980A4 /* CDVAssetLibraryFilesystem.h */ = {isa = PBXFileReference; name = "CDVAssetLibraryFilesystem.h"; path = "cordova-plugin-file/CDVAssetLibraryFilesystem.h"; sourceTree = "<group>"; fileEncoding = 4; lastKnownFileType = sourcecode.c.h; explicitFileType = undefined; includeInIndex = 0; };
		EE414AC8FE514E239E0DF51D /* AppDelegate+FirebasePlugin.m */ = {isa = PBXFileReference; name = "AppDelegate+FirebasePlugin.m"; path = "cordova-plugin-firebase/AppDelegate+FirebasePlugin.m"; sourceTree = "<group>"; fileEncoding = 4; lastKnownFileType = sourcecode.c.objc; explicitFileType = undefined; includeInIndex = 0; };
		DC8695C19D4941AD8199DC37 /* FirebasePlugin.m */ = {isa = PBXFileReference; name = "FirebasePlugin.m"; path = "cordova-plugin-firebase/FirebasePlugin.m"; sourceTree = "<group>"; fileEncoding = 4; lastKnownFileType = sourcecode.c.objc; explicitFileType = undefined; includeInIndex = 0; };
		60F52AEC6B9348518E3F7B95 /* AppDelegate+FirebasePlugin.h */ = {isa = PBXFileReference; name = "AppDelegate+FirebasePlugin.h"; path = "cordova-plugin-firebase/AppDelegate+FirebasePlugin.h"; sourceTree = "<group>"; fileEncoding = 4; lastKnownFileType = sourcecode.c.h; explicitFileType = undefined; includeInIndex = 0; };
		7F8797A64128486FBDD0A62E /* FirebasePlugin.h */ = {isa = PBXFileReference; name = "FirebasePlugin.h"; path = "cordova-plugin-firebase/FirebasePlugin.h"; sourceTree = "<group>"; fileEncoding = 4; lastKnownFileType = sourcecode.c.h; explicitFileType = undefined; includeInIndex = 0; };
		C1BDF5FA602F4900B9EF28FE /* Firebase.h */ = {isa = PBXFileReference; name = "Firebase.h"; path = "cordova-plugin-firebase/Firebase.h"; sourceTree = "<group>"; fileEncoding = 4; lastKnownFileType = sourcecode.c.h; explicitFileType = undefined; includeInIndex = 0; };
		2BC7A33A4EA540059B1E12AC /* GoogleService-Info.plist */ = {isa = PBXFileReference; name = "GoogleService-Info.plist"; path = "Resources/GoogleService-Info.plist"; sourceTree = "<group>"; fileEncoding = 4; lastKnownFileType = text.plist.xml; explicitFileType = undefined; includeInIndex = 0; };
		96ACC530FEF345A3A23D4FD1 /* FirebaseAnalytics.framework */ = {isa = PBXFileReference; name = "FirebaseAnalytics.framework"; path = "TOLK/Plugins/cordova-plugin-firebase/FirebaseAnalytics.framework"; sourceTree = "<group>"; fileEncoding = undefined; lastKnownFileType = wrapper.framework; explicitFileType = undefined; includeInIndex = 0; };
		BF70B17F23F5475AA33578AE /* FirebaseCore.framework */ = {isa = PBXFileReference; name = "FirebaseCore.framework"; path = "TOLK/Plugins/cordova-plugin-firebase/FirebaseCore.framework"; sourceTree = "<group>"; fileEncoding = undefined; lastKnownFileType = wrapper.framework; explicitFileType = undefined; includeInIndex = 0; };
		F8FBEFA6D4774C88AC83789D /* FirebaseInstanceID.framework */ = {isa = PBXFileReference; name = "FirebaseInstanceID.framework"; path = "TOLK/Plugins/cordova-plugin-firebase/FirebaseInstanceID.framework"; sourceTree = "<group>"; fileEncoding = undefined; lastKnownFileType = wrapper.framework; explicitFileType = undefined; includeInIndex = 0; };
		35EE6DF31EB4468AA7FD4840 /* GoogleInterchangeUtilities.framework */ = {isa = PBXFileReference; name = "GoogleInterchangeUtilities.framework"; path = "TOLK/Plugins/cordova-plugin-firebase/GoogleInterchangeUtilities.framework"; sourceTree = "<group>"; fileEncoding = undefined; lastKnownFileType = wrapper.framework; explicitFileType = undefined; includeInIndex = 0; };
		822CA548FBD3452CAB8808AE /* GoogleSymbolUtilities.framework */ = {isa = PBXFileReference; name = "GoogleSymbolUtilities.framework"; path = "TOLK/Plugins/cordova-plugin-firebase/GoogleSymbolUtilities.framework"; sourceTree = "<group>"; fileEncoding = undefined; lastKnownFileType = wrapper.framework; explicitFileType = undefined; includeInIndex = 0; };
		4EFADD460E3D465ABEE7933D /* GoogleUtilities.framework */ = {isa = PBXFileReference; name = "GoogleUtilities.framework"; path = "TOLK/Plugins/cordova-plugin-firebase/GoogleUtilities.framework"; sourceTree = "<group>"; fileEncoding = undefined; lastKnownFileType = wrapper.framework; explicitFileType = undefined; includeInIndex = 0; };
		DB9E4AE7E2284128AC1941BA /* FirebaseMessaging.framework */ = {isa = PBXFileReference; name = "FirebaseMessaging.framework"; path = "TOLK/Plugins/cordova-plugin-firebase/FirebaseMessaging.framework"; sourceTree = "<group>"; fileEncoding = undefined; lastKnownFileType = wrapper.framework; explicitFileType = undefined; includeInIndex = 0; };
		CEEF95B38D5B48D59D25F129 /* GoogleIPhoneUtilities.framework */ = {isa = PBXFileReference; name = "GoogleIPhoneUtilities.framework"; path = "TOLK/Plugins/cordova-plugin-firebase/GoogleIPhoneUtilities.framework"; sourceTree = "<group>"; fileEncoding = undefined; lastKnownFileType = wrapper.framework; explicitFileType = undefined; includeInIndex = 0; };
		B97060AEA2EE489D8A7A8F83 /* FirebaseCrash.framework */ = {isa = PBXFileReference; name = "FirebaseCrash.framework"; path = "TOLK/Plugins/cordova-plugin-firebase/FirebaseCrash.framework"; sourceTree = "<group>"; fileEncoding = undefined; lastKnownFileType = wrapper.framework; explicitFileType = undefined; includeInIndex = 0; };
		7439B777DB0448BDA6D0DDDC /* FirebaseRemoteConfig.framework */ = {isa = PBXFileReference; name = "FirebaseRemoteConfig.framework"; path = "TOLK/Plugins/cordova-plugin-firebase/FirebaseRemoteConfig.framework"; sourceTree = "<group>"; fileEncoding = undefined; lastKnownFileType = wrapper.framework; explicitFileType = undefined; includeInIndex = 0; };
		0E75C3DD2F7E4A539F113CF4 /* CDVLocation.m */ = {isa = PBXFileReference; name = "CDVLocation.m"; path = "cordova-plugin-geolocation/CDVLocation.m"; sourceTree = "<group>"; fileEncoding = 4; lastKnownFileType = sourcecode.c.objc; explicitFileType = undefined; includeInIndex = 0; };
		771C884101CA42F5A92EB993 /* CDVLocation.h */ = {isa = PBXFileReference; name = "CDVLocation.h"; path = "cordova-plugin-geolocation/CDVLocation.h"; sourceTree = "<group>"; fileEncoding = 4; lastKnownFileType = sourcecode.c.h; explicitFileType = undefined; includeInIndex = 0; };
		A542E97EA36B4212A40FE42A /* GooglePlus.m */ = {isa = PBXFileReference; name = "GooglePlus.m"; path = "cordova-plugin-googleplus/GooglePlus.m"; sourceTree = "<group>"; fileEncoding = 4; lastKnownFileType = sourcecode.c.objc; explicitFileType = undefined; includeInIndex = 0; };
		FF9F32C38878401B85D9C488 /* GooglePlus.h */ = {isa = PBXFileReference; name = "GooglePlus.h"; path = "cordova-plugin-googleplus/GooglePlus.h"; sourceTree = "<group>"; fileEncoding = 4; lastKnownFileType = sourcecode.c.h; explicitFileType = undefined; includeInIndex = 0; };
		A4436A636CD74544999DB97E /* GoogleAppUtilities.framework */ = {isa = PBXFileReference; name = "GoogleAppUtilities.framework"; path = "TOLK/Plugins/cordova-plugin-googleplus/GoogleAppUtilities.framework"; sourceTree = "<group>"; fileEncoding = undefined; lastKnownFileType = wrapper.framework; explicitFileType = undefined; includeInIndex = 0; };
		B3585B1E284540B392B57EE5 /* GoogleAuthUtilities.framework */ = {isa = PBXFileReference; name = "GoogleAuthUtilities.framework"; path = "TOLK/Plugins/cordova-plugin-googleplus/GoogleAuthUtilities.framework"; sourceTree = "<group>"; fileEncoding = undefined; lastKnownFileType = wrapper.framework; explicitFileType = undefined; includeInIndex = 0; };
		645A086292624882BCB6DD84 /* GoogleNetworkingUtilities.framework */ = {isa = PBXFileReference; name = "GoogleNetworkingUtilities.framework"; path = "TOLK/Plugins/cordova-plugin-googleplus/GoogleNetworkingUtilities.framework"; sourceTree = "<group>"; fileEncoding = undefined; lastKnownFileType = wrapper.framework; explicitFileType = undefined; includeInIndex = 0; };
		B9965019548B4E71AA590207 /* GoogleSignIn.framework */ = {isa = PBXFileReference; name = "GoogleSignIn.framework"; path = "TOLK/Plugins/cordova-plugin-googleplus/GoogleSignIn.framework"; sourceTree = "<group>"; fileEncoding = undefined; lastKnownFileType = wrapper.framework; explicitFileType = undefined; includeInIndex = 0; };
		66CB8E4A6D2943B4AA2B8E79 /* GoogleSymbolUtilities.framework */ = {isa = PBXFileReference; name = "GoogleSymbolUtilities.framework"; path = "TOLK/Plugins/cordova-plugin-googleplus/GoogleSymbolUtilities.framework"; sourceTree = "<group>"; fileEncoding = undefined; lastKnownFileType = wrapper.framework; explicitFileType = undefined; includeInIndex = 0; };
		04E9B44183AE49E7A2A84E18 /* GoogleUtilities.framework */ = {isa = PBXFileReference; name = "GoogleUtilities.framework"; path = "TOLK/Plugins/cordova-plugin-googleplus/GoogleUtilities.framework"; sourceTree = "<group>"; fileEncoding = undefined; lastKnownFileType = wrapper.framework; explicitFileType = undefined; includeInIndex = 0; };
		E316D017DF944901A891BB98 /* CoreText.framework */ = {isa = PBXFileReference; name = "CoreText.framework"; path = "System/Library/Frameworks/CoreText.framework"; sourceTree = SDKROOT; fileEncoding = undefined; lastKnownFileType = wrapper.framework; explicitFileType = undefined; includeInIndex = 0; };
		CD8E5E78CF4048759179FFAE /* SafariServices.framework */ = {isa = PBXFileReference; name = "SafariServices.framework"; path = "System/Library/Frameworks/SafariServices.framework"; sourceTree = SDKROOT; fileEncoding = undefined; lastKnownFileType = wrapper.framework; explicitFileType = undefined; includeInIndex = 0; };
		D24A8170EC814BC8B82F17C7 /* Security.framework */ = {isa = PBXFileReference; name = "Security.framework"; path = "System/Library/Frameworks/Security.framework"; sourceTree = SDKROOT; fileEncoding = undefined; lastKnownFileType = wrapper.framework; explicitFileType = undefined; includeInIndex = 0; };
		76AA896B811F4C328CAB0102 /* SystemConfiguration.framework */ = {isa = PBXFileReference; name = "SystemConfiguration.framework"; path = "System/Library/Frameworks/SystemConfiguration.framework"; sourceTree = SDKROOT; fileEncoding = undefined; lastKnownFileType = wrapper.framework; explicitFileType = undefined; includeInIndex = 0; };
		755C32B7715B4F2CB50CD9C0 /* libz.tbd */ = {isa = PBXFileReference; name = "libz.tbd"; path = "usr/lib/libz.tbd"; sourceTree = SDKROOT; fileEncoding = undefined; lastKnownFileType = sourcecode.text-based-dylib-definition; explicitFileType = undefined; includeInIndex = 0; };
		1CB787D5780B4C88B4055776 /* libz.dylib */ = {isa = PBXFileReference; name = "libz.dylib"; path = "usr/lib/libz.dylib"; sourceTree = SDKROOT; fileEncoding = undefined; lastKnownFileType = compiled.mach-o.dylib; explicitFileType = undefined; includeInIndex = 0; };
		8D0A81883EAC4CDDA2F21FF5 /* CDVCapture.m */ = {isa = PBXFileReference; name = "CDVCapture.m"; path = "cordova-plugin-media-capture/CDVCapture.m"; sourceTree = "<group>"; fileEncoding = 4; lastKnownFileType = sourcecode.c.objc; explicitFileType = undefined; includeInIndex = 0; };
		CF58EC43321B455FAD87263C /* CDVCapture.h */ = {isa = PBXFileReference; name = "CDVCapture.h"; path = "cordova-plugin-media-capture/CDVCapture.h"; sourceTree = "<group>"; fileEncoding = 4; lastKnownFileType = sourcecode.c.h; explicitFileType = undefined; includeInIndex = 0; };
		4B2895018962494CBABA2ADA /* CDVCapture.bundle */ = {isa = PBXFileReference; name = "CDVCapture.bundle"; path = "CDVCapture.bundle"; sourceTree = "<group>"; fileEncoding = undefined; lastKnownFileType = wrapper.plug-in; explicitFileType = undefined; includeInIndex = 0; };
		E9AEAA71D2B84303B383155C /* CDVSplashScreen.m */ = {isa = PBXFileReference; name = "CDVSplashScreen.m"; path = "cordova-plugin-splashscreen/CDVSplashScreen.m"; sourceTree = "<group>"; fileEncoding = 4; lastKnownFileType = sourcecode.c.objc; explicitFileType = undefined; includeInIndex = 0; };
		6101F736EE0646C08DEC4DDE /* CDVViewController+SplashScreen.m */ = {isa = PBXFileReference; name = "CDVViewController+SplashScreen.m"; path = "cordova-plugin-splashscreen/CDVViewController+SplashScreen.m"; sourceTree = "<group>"; fileEncoding = 4; lastKnownFileType = sourcecode.c.objc; explicitFileType = undefined; includeInIndex = 0; };
		AB57FCE3C8C34F3A8A8C8331 /* CDVSplashScreen.h */ = {isa = PBXFileReference; name = "CDVSplashScreen.h"; path = "cordova-plugin-splashscreen/CDVSplashScreen.h"; sourceTree = "<group>"; fileEncoding = 4; lastKnownFileType = sourcecode.c.h; explicitFileType = undefined; includeInIndex = 0; };
		E1346968BA0E43A7AC99BBB6 /* CDVViewController+SplashScreen.h */ = {isa = PBXFileReference; name = "CDVViewController+SplashScreen.h"; path = "cordova-plugin-splashscreen/CDVViewController+SplashScreen.h"; sourceTree = "<group>"; fileEncoding = 4; lastKnownFileType = sourcecode.c.h; explicitFileType = undefined; includeInIndex = 0; };
		5EF44E53C3444B6BB610867E /* CDVStatusBar.m */ = {isa = PBXFileReference; name = "CDVStatusBar.m"; path = "cordova-plugin-statusbar/CDVStatusBar.m"; sourceTree = "<group>"; fileEncoding = 4; lastKnownFileType = sourcecode.c.objc; explicitFileType = undefined; includeInIndex = 0; };
		38435E19E6DA473DA48914DD /* CDVStatusBar.h */ = {isa = PBXFileReference; name = "CDVStatusBar.h"; path = "cordova-plugin-statusbar/CDVStatusBar.h"; sourceTree = "<group>"; fileEncoding = 4; lastKnownFileType = sourcecode.c.h; explicitFileType = undefined; includeInIndex = 0; };
		E0BDC1840AD1488C8B0DC255 /* IonicKeyboard.m */ = {isa = PBXFileReference; name = "IonicKeyboard.m"; path = "ionic-plugin-keyboard/IonicKeyboard.m"; sourceTree = "<group>"; fileEncoding = 4; lastKnownFileType = sourcecode.c.objc; explicitFileType = undefined; includeInIndex = 0; };
		F36001F549F545A18B4A6F07 /* IonicKeyboard.h */ = {isa = PBXFileReference; name = "IonicKeyboard.h"; path = "ionic-plugin-keyboard/IonicKeyboard.h"; sourceTree = "<group>"; fileEncoding = 4; lastKnownFileType = sourcecode.c.h; explicitFileType = undefined; includeInIndex = 0; };
/* End PBXFileReference section */

/* Begin PBXFrameworksBuildPhase section */
		1D60588F0D05DD3D006BFB54 /* Frameworks */ = {
			isa = PBXFrameworksBuildPhase;
			buildActionMask = 2147483647;
			files = (
				301BF552109A68D80062928A /* libCordova.a in Frameworks */,
				B1593AC5F3CA456DAD8E115D /* ImageIO.framework in Frameworks */,
				D48571E125474058A5EF51D5 /* CoreLocation.framework in Frameworks */,
				F9E4420B29BD4C2D901AE189 /* AVFoundation.framework in Frameworks */,
				D15A3ADFBD1A447A9D694A5B /* AddressBook.framework in Frameworks */,
				9D7C75049A3E4A89A24C902F /* AddressBookUI.framework in Frameworks */,
				A1D7410907704580980AF573 /* FirebaseAnalytics.framework in Frameworks */,
				3A9037273D2946B4ACD555B4 /* FirebaseCore.framework in Frameworks */,
				B1645FE52B8D4C198D345FF2 /* FirebaseInstanceID.framework in Frameworks */,
				C0D854522D9F4E818CFF9BDB /* GoogleInterchangeUtilities.framework in Frameworks */,
				9585D014C2194A7AAFF1094D /* GoogleSymbolUtilities.framework in Frameworks */,
				75BCFB1D69084ABFBED9B755 /* GoogleUtilities.framework in Frameworks */,
				3CF9CC063BC54165A7DE71A5 /* FirebaseMessaging.framework in Frameworks */,
				273B2849FD11404DA3FDCB4B /* GoogleIPhoneUtilities.framework in Frameworks */,
				8C3816B4151D428E969E2EE9 /* FirebaseCrash.framework in Frameworks */,
				9AD1EEEAF512407DB906C51B /* FirebaseRemoteConfig.framework in Frameworks */,
				A8B1A30402C54F97874187AA /* GoogleAppUtilities.framework in Frameworks */,
				70802643A50D47C2BBED0202 /* GoogleAuthUtilities.framework in Frameworks */,
				ED388F5441B342438BB0477F /* GoogleNetworkingUtilities.framework in Frameworks */,
				A77E69E9CECE4A579EBFC686 /* GoogleSignIn.framework in Frameworks */,
				393452B3D3C04CC9A9DE404B /* GoogleSymbolUtilities.framework in Frameworks */,
				AFF33EEFD77C4C2ABF8B5BBE /* GoogleUtilities.framework in Frameworks */,
				F07B8A791CE8477EB2A06568 /* CoreText.framework in Frameworks */,
				CB6503099918482B977EBF3D /* SafariServices.framework in Frameworks */,
				28A97960A0B848AF80E80E6E /* Security.framework in Frameworks */,
				22BEFF25808248E988A1C9F9 /* SystemConfiguration.framework in Frameworks */,
				EC100BFFAB854C5AB82EBD02 /* libz.tbd in Frameworks */,
				71B4CFC3AEA145A688D6A3F8 /* libz.dylib in Frameworks */,
			);
			runOnlyForDeploymentPostprocessing = 0;
		};
/* End PBXFrameworksBuildPhase section */

/* Begin PBXGroup section */
		080E96DDFE201D6D7F000001 /* Classes */ = {
			isa = PBXGroup;
			children = (
				302D95EE14D2391D003F00A1 /* MainViewController.h */,
				302D95EF14D2391D003F00A1 /* MainViewController.m */,
				302D95F014D2391D003F00A1 /* MainViewController.xib */,
				1D3623240D0F684500981E51 /* AppDelegate.h */,
				1D3623250D0F684500981E51 /* AppDelegate.m */,
			);
			name = Classes;
			path = "TOLK/Classes";
			sourceTree = SOURCE_ROOT;
		};
		19C28FACFE9D520D11CA2CBB /* Products */ = {
			isa = PBXGroup;
			children = (
				1D6058910D05DD3D006BFB54 /* TOLK.app */,
			);
			name = Products;
			sourceTree = "<group>";
		};
		29B97314FDCFA39411CA2CEA /* CustomTemplate */ = {
			isa = PBXGroup;
			children = (
				EB87FDF41871DAF40020F90C /* config.xml */,
				EB87FDF31871DA8E0020F90C /* www */,
				EB87FDF11871DA420020F90C /* Staging */,
				301BF52D109A57CC0062928A /* CordovaLib.xcodeproj */,
				080E96DDFE201D6D7F000001 /* Classes */,
				307C750510C5A3420062BCA9 /* Plugins */,
				29B97315FDCFA39411CA2CEA /* Other Sources */,
				29B97317FDCFA39411CA2CEA /* Resources */,
				29B97323FDCFA39411CA2CEA /* Frameworks */,
				19C28FACFE9D520D11CA2CBB /* Products */,
			);
			name = CustomTemplate;
			sourceTree = "<group>";
		};
		29B97315FDCFA39411CA2CEA /* Other Sources */ = {
			isa = PBXGroup;
			children = (
				32CA4F630368D1EE00C91783 /* TOLK-Prefix.pch */,
				29B97316FDCFA39411CA2CEA /* main.m */,
				ED33DF2A687741AEAF9F8254 /* Bridging-Header.h */,
			);
			name = "Other Sources";
			path = "TOLK";
			sourceTree = "<group>";
		};
		29B97317FDCFA39411CA2CEA /* Resources */ = {
			isa = PBXGroup;
			children = (
				0207DA571B56EA530066E2B4 /* Images.xcassets */,
				3047A50E1AB8057F00498E2A /* config */,
				8D1107310486CEB800E47090 /* TOLK-Info.plist */,
				6AFF5BF81D6E424B00AB3073 /* CDVLaunchScreen.storyboard */,
				2BC7A33A4EA540059B1E12AC /* GoogleService-Info.plist */,
				4B2895018962494CBABA2ADA /* CDVCapture.bundle */,
			);
			name = Resources;
			path = "TOLK/Resources";
			sourceTree = "<group>";
		};
		29B97323FDCFA39411CA2CEA /* Frameworks */ = {
			isa = PBXGroup;
			children = (
				D8BF833FC6E0426E870F0006 /* ImageIO.framework */,
				3F4A215916704565A8DC7838 /* CoreLocation.framework */,
				E807F69EA09E4437847447CF /* AVFoundation.framework */,
				D0292E8D72BA467186CD2071 /* AddressBook.framework */,
				B0E17A9FB89E4D4E8D77B52E /* AddressBookUI.framework */,
				96ACC530FEF345A3A23D4FD1 /* FirebaseAnalytics.framework */,
				BF70B17F23F5475AA33578AE /* FirebaseCore.framework */,
				F8FBEFA6D4774C88AC83789D /* FirebaseInstanceID.framework */,
				35EE6DF31EB4468AA7FD4840 /* GoogleInterchangeUtilities.framework */,
				822CA548FBD3452CAB8808AE /* GoogleSymbolUtilities.framework */,
				4EFADD460E3D465ABEE7933D /* GoogleUtilities.framework */,
				DB9E4AE7E2284128AC1941BA /* FirebaseMessaging.framework */,
				CEEF95B38D5B48D59D25F129 /* GoogleIPhoneUtilities.framework */,
				B97060AEA2EE489D8A7A8F83 /* FirebaseCrash.framework */,
				7439B777DB0448BDA6D0DDDC /* FirebaseRemoteConfig.framework */,
				A4436A636CD74544999DB97E /* GoogleAppUtilities.framework */,
				B3585B1E284540B392B57EE5 /* GoogleAuthUtilities.framework */,
				645A086292624882BCB6DD84 /* GoogleNetworkingUtilities.framework */,
				B9965019548B4E71AA590207 /* GoogleSignIn.framework */,
				66CB8E4A6D2943B4AA2B8E79 /* GoogleSymbolUtilities.framework */,
				04E9B44183AE49E7A2A84E18 /* GoogleUtilities.framework */,
				E316D017DF944901A891BB98 /* CoreText.framework */,
				CD8E5E78CF4048759179FFAE /* SafariServices.framework */,
				D24A8170EC814BC8B82F17C7 /* Security.framework */,
				76AA896B811F4C328CAB0102 /* SystemConfiguration.framework */,
				755C32B7715B4F2CB50CD9C0 /* libz.tbd */,
				1CB787D5780B4C88B4055776 /* libz.dylib */,
			);
			name = Frameworks;
			sourceTree = "<group>";
		};
		301BF52E109A57CC0062928A /* Products */ = {
			isa = PBXGroup;
			children = (
				301BF535109A57CC0062928A /* libCordova.a */,
			);
			name = Products;
			sourceTree = "<group>";
		};
		3047A50E1AB8057F00498E2A /* config */ = {
			isa = PBXGroup;
			children = (
				3047A50F1AB8059700498E2A /* build-debug.xcconfig */,
				3047A5101AB8059700498E2A /* build-release.xcconfig */,
				3047A5111AB8059700498E2A /* build.xcconfig */,
			);
			name = config;
			sourceTree = "<group>";
		};
		307C750510C5A3420062BCA9 /* Plugins */ = {
			isa = PBXGroup;
			children = (
				1C2D47C5ED184B89992E684E /* UIImage+CropScaleOrientation.m */,
				9BD0F2BC210549068DA28CC3 /* CDVCamera.m */,
				B5E6853EE58D43138B7A0A21 /* CDVJpegHeaderWriter.m */,
				ACACD25A310F42E0A98540E4 /* UIImage+CropScaleOrientation.h */,
				C3B8FFF5830648C39660A961 /* CDVCamera.h */,
				EE1C2016AA8D47BBA4D1FB73 /* CDVJpegHeaderWriter.h */,
				65E773720DB249949ADDC397 /* CDVExif.h */,
				F4C4BF0A176A426EBFFEA597 /* CDVLogger.m */,
				BC273E7102BE4173AD8A1F6F /* CDVLogger.h */,
				A5219375C4444E5FB8DFC5E6 /* CDVContacts.m */,
				9419C6DF553845F6A1E31114 /* CDVContact.m */,
				0A9186280A8049D99185CA35 /* CDVContacts.h */,
				1D1147211268468FAEB8D84A /* CDVContact.h */,
				83C25490B3DC4A698A92B6A3 /* CDVDevice.m */,
				AEBC9468AB064A418E781003 /* CDVDevice.h */,
				72755423A7584861832D90D3 /* CDVFile.m */,
				1B3875C4740349DD93A2E13D /* CDVLocalFilesystem.m */,
				7C7FC4DE35A14620AA97F7B0 /* CDVAssetLibraryFilesystem.m */,
				94168DF77CD04E8BA998DF2A /* CDVFile.h */,
				E1D4D0DDC105410696350913 /* CDVLocalFilesystem.h */,
				CC3637BF1BF54B7ABEC980A4 /* CDVAssetLibraryFilesystem.h */,
				EE414AC8FE514E239E0DF51D /* AppDelegate+FirebasePlugin.m */,
				DC8695C19D4941AD8199DC37 /* FirebasePlugin.m */,
				60F52AEC6B9348518E3F7B95 /* AppDelegate+FirebasePlugin.h */,
				7F8797A64128486FBDD0A62E /* FirebasePlugin.h */,
				C1BDF5FA602F4900B9EF28FE /* Firebase.h */,
				0E75C3DD2F7E4A539F113CF4 /* CDVLocation.m */,
				771C884101CA42F5A92EB993 /* CDVLocation.h */,
				A542E97EA36B4212A40FE42A /* GooglePlus.m */,
				FF9F32C38878401B85D9C488 /* GooglePlus.h */,
				8D0A81883EAC4CDDA2F21FF5 /* CDVCapture.m */,
				CF58EC43321B455FAD87263C /* CDVCapture.h */,
				E9AEAA71D2B84303B383155C /* CDVSplashScreen.m */,
				6101F736EE0646C08DEC4DDE /* CDVViewController+SplashScreen.m */,
				AB57FCE3C8C34F3A8A8C8331 /* CDVSplashScreen.h */,
				E1346968BA0E43A7AC99BBB6 /* CDVViewController+SplashScreen.h */,
				5EF44E53C3444B6BB610867E /* CDVStatusBar.m */,
				38435E19E6DA473DA48914DD /* CDVStatusBar.h */,
				E0BDC1840AD1488C8B0DC255 /* IonicKeyboard.m */,
				F36001F549F545A18B4A6F07 /* IonicKeyboard.h */,
			);
			name = Plugins;
			path = "TOLK/Plugins";
			sourceTree = SOURCE_ROOT;
		};
		EB87FDF11871DA420020F90C /* Staging */ = {
			isa = PBXGroup;
			children = (
				F840E1F0165FE0F500CFE078 /* config.xml */,
				301BF56E109A69640062928A /* www */,
			);
			name = Staging;
			sourceTree = "<group>";
		};
/* End PBXGroup section */

/* Begin PBXNativeTarget section */
		1D6058900D05DD3D006BFB54 /* TOLK */ = {
			isa = PBXNativeTarget;
			buildConfigurationList = 1D6058960D05DD3E006BFB54 /* Build configuration list for PBXNativeTarget "TOLK" */;
			buildPhases = (
				304B58A110DAC018002A0835 /* Copy www directory */,
				1D60588D0D05DD3D006BFB54 /* Resources */,
				1D60588E0D05DD3D006BFB54 /* Sources */,
				1D60588F0D05DD3D006BFB54 /* Frameworks */,
			);
			buildRules = (
			);
			dependencies = (
				301BF551109A68C00062928A /* PBXTargetDependency */,
			);
			name = "TOLK";
			productName = "TOLK";
			productReference = 1D6058910D05DD3D006BFB54 /* TOLK.app */;
			productType = "com.apple.product-type.application";
		};
/* End PBXNativeTarget section */

/* Begin PBXProject section */
		29B97313FDCFA39411CA2CEA /* Project object */ = {
			isa = PBXProject;
			attributes = {
				LastUpgradeCheck = 510;
			};
			buildConfigurationList = C01FCF4E08A954540054247B /* Build configuration list for PBXProject "__NON-CLI__" */;
			compatibilityVersion = "Xcode 3.2";
			developmentRegion = English;
			hasScannedForEncodings = 1;
			mainGroup = 29B97314FDCFA39411CA2CEA /* CustomTemplate */;
			projectDirPath = "";
			projectReferences = (
				{
					ProductGroup = 301BF52E109A57CC0062928A /* Products */;
					ProjectRef = 301BF52D109A57CC0062928A /* CordovaLib.xcodeproj */;
				},
			);
			projectRoot = "";
			targets = (
				1D6058900D05DD3D006BFB54 /* TOLK */,
			);
		};
/* End PBXProject section */

/* Begin PBXReferenceProxy section */
		301BF535109A57CC0062928A /* libCordova.a */ = {
			isa = PBXReferenceProxy;
			fileType = archive.ar;
			path = libCordova.a;
			remoteRef = 301BF534109A57CC0062928A /* PBXContainerItemProxy */;
			sourceTree = BUILT_PRODUCTS_DIR;
		};
/* End PBXReferenceProxy section */

/* Begin PBXResourcesBuildPhase section */
		1D60588D0D05DD3D006BFB54 /* Resources */ = {
			isa = PBXResourcesBuildPhase;
			buildActionMask = 2147483647;
			files = (
				302D95F214D2391D003F00A1 /* MainViewController.xib in Resources */,
				0207DA581B56EA530066E2B4 /* Images.xcassets in Resources */,
				6AFF5BF91D6E424B00AB3073 /* CDVLaunchScreen.storyboard in Resources */,
				A828B97861C0486DA2489183 /* GoogleService-Info.plist in Resources */,
				F060FAD856EE4737AB6AA24A /* CDVCapture.bundle in Resources */,
			);
			runOnlyForDeploymentPostprocessing = 0;
		};
/* End PBXResourcesBuildPhase section */

/* Begin PBXShellScriptBuildPhase section */
		304B58A110DAC018002A0835 /* Copy www directory */ = {
			isa = PBXShellScriptBuildPhase;
			buildActionMask = 2147483647;
			files = (
			);
			inputPaths = (
			);
			name = "Copy www directory";
			outputPaths = (
			);
			runOnlyForDeploymentPostprocessing = 0;
			shellPath = /bin/sh;
			shellScript = "NODEJS_PATH=/usr/local/bin; NVM_NODE_PATH=~/.nvm/versions/node/`nvm version 2>/dev/null`/bin; N_NODE_PATH=`find /usr/local/n/versions/node/* -maxdepth 0 -type d 2>/dev/null | tail -1`/bin; XCODE_NODE_PATH=`xcode-select --print-path`/usr/share/xcs/Node/bin; PATH=$NODEJS_PATH:$NVM_NODE_PATH:$N_NODE_PATH:$XCODE_NODE_PATH:$PATH && node cordova/lib/copy-www-build-step.js";
			showEnvVarsInLog = 0;
		};
/* End PBXShellScriptBuildPhase section */

/* Begin PBXSourcesBuildPhase section */
		1D60588E0D05DD3D006BFB54 /* Sources */ = {
			isa = PBXSourcesBuildPhase;
			buildActionMask = 2147483647;
			files = (
				1D60589B0D05DD56006BFB54 /* main.m in Sources */,
				1D3623260D0F684500981E51 /* AppDelegate.m in Sources */,
				302D95F114D2391D003F00A1 /* MainViewController.m in Sources */,
				D25F9250AA904A9A87857C96 /* UIImage+CropScaleOrientation.m in Sources */,
				3BAD185FA41546849825555F /* CDVCamera.m in Sources */,
				4E5C6FB766CE4719B2D48E8C /* CDVJpegHeaderWriter.m in Sources */,
				24C9A207B6DF4D3F8F70961F /* CDVLogger.m in Sources */,
				59E7D834A3AC4EA79348F421 /* CDVContacts.m in Sources */,
				6F8B0970BF4044B79559BCF4 /* CDVContact.m in Sources */,
				68F01D799BEC4286A113B12D /* CDVDevice.m in Sources */,
				F8E79FCF294D4E9CBEFE42AD /* CDVFile.m in Sources */,
				6889B02E6C6B4C72AB6679EF /* CDVLocalFilesystem.m in Sources */,
				D4CACAF6CF70471FB6154A5B /* CDVAssetLibraryFilesystem.m in Sources */,
				754339EF3346447098056E48 /* AppDelegate+FirebasePlugin.m in Sources */,
				17ECA07BAB9348E28F5A4376 /* FirebasePlugin.m in Sources */,
				612D4FB028E447328D448898 /* CDVLocation.m in Sources */,
				2D86955A726E4C699D55280A /* GooglePlus.m in Sources */,
				A78E87C0E00C4086B3EC9605 /* CDVCapture.m in Sources */,
				2C74325DB66B41A29021553D /* CDVSplashScreen.m in Sources */,
				0844C6997C124B589E7F637F /* CDVViewController+SplashScreen.m in Sources */,
				325240F5E0C941359E79C651 /* CDVStatusBar.m in Sources */,
				8065C68554A7487E9884A7EE /* IonicKeyboard.m in Sources */,
			);
			runOnlyForDeploymentPostprocessing = 0;
		};
/* End PBXSourcesBuildPhase section */

/* Begin PBXTargetDependency section */
		301BF551109A68C00062928A /* PBXTargetDependency */ = {
			isa = PBXTargetDependency;
			name = CordovaLib;
			targetProxy = 301BF550109A68C00062928A /* PBXContainerItemProxy */;
		};
/* End PBXTargetDependency section */

/* Begin XCBuildConfiguration section */
		1D6058940D05DD3E006BFB54 /* Debug */ = {
			isa = XCBuildConfiguration;
			baseConfigurationReference = 3047A50F1AB8059700498E2A /* build-debug.xcconfig */;
			buildSettings = {
				ALWAYS_SEARCH_USER_PATHS = NO;
				ASSETCATALOG_COMPILER_APPICON_NAME = AppIcon;
				ASSETCATALOG_COMPILER_LAUNCHIMAGE_NAME = LaunchImage;
				CLANG_ENABLE_MODULES = YES;
				CLANG_ENABLE_OBJC_ARC = YES;
				COPY_PHASE_STRIP = NO;
				GCC_DYNAMIC_NO_PIC = NO;
				GCC_OPTIMIZATION_LEVEL = 0;
				GCC_PRECOMPILE_PREFIX_HEADER = YES;
				GCC_PREFIX_HEADER = "TOLK/TOLK-Prefix.pch";
				GCC_THUMB_SUPPORT = NO;
				GCC_VERSION = "";
				INFOPLIST_FILE = "TOLK/TOLK-Info.plist";
				IPHONEOS_DEPLOYMENT_TARGET = 9.0;
				LD_RUNPATH_SEARCH_PATHS = "@executable_path/Frameworks";
				TARGETED_DEVICE_FAMILY = "1,2";
				PRODUCT_NAME = "TOLK";
				FRAMEWORK_SEARCH_PATHS = (
					"$(inherited)",
					"\"TOLK/Plugins/cordova-plugin-firebase\"",
					"\"TOLK/Plugins/cordova-plugin-firebase\"",
					"\"TOLK/Plugins/cordova-plugin-firebase\"",
					"\"TOLK/Plugins/cordova-plugin-firebase\"",
					"\"TOLK/Plugins/cordova-plugin-firebase\"",
					"\"TOLK/Plugins/cordova-plugin-firebase\"",
					"\"TOLK/Plugins/cordova-plugin-firebase\"",
					"\"TOLK/Plugins/cordova-plugin-firebase\"",
					"\"TOLK/Plugins/cordova-plugin-firebase\"",
					"\"TOLK/Plugins/cordova-plugin-firebase\"",
					"\"TOLK/Plugins/cordova-plugin-googleplus\"",
					"\"TOLK/Plugins/cordova-plugin-googleplus\"",
					"\"TOLK/Plugins/cordova-plugin-googleplus\"",
					"\"TOLK/Plugins/cordova-plugin-googleplus\"",
					"\"TOLK/Plugins/cordova-plugin-googleplus\"",
					"\"TOLK/Plugins/cordova-plugin-googleplus\"",
				);
			};
			name = Debug;
		};
		1D6058950D05DD3E006BFB54 /* Release */ = {
			isa = XCBuildConfiguration;
			baseConfigurationReference = 3047A5101AB8059700498E2A /* build-release.xcconfig */;
			buildSettings = {
				ALWAYS_SEARCH_USER_PATHS = NO;
				ASSETCATALOG_COMPILER_APPICON_NAME = AppIcon;
				ASSETCATALOG_COMPILER_LAUNCHIMAGE_NAME = LaunchImage;
				CLANG_ENABLE_MODULES = YES;
				CLANG_ENABLE_OBJC_ARC = YES;
				COPY_PHASE_STRIP = YES;
				GCC_PRECOMPILE_PREFIX_HEADER = YES;
				GCC_PREFIX_HEADER = "TOLK/TOLK-Prefix.pch";
				GCC_THUMB_SUPPORT = NO;
				GCC_VERSION = "";
				INFOPLIST_FILE = "TOLK/TOLK-Info.plist";
				IPHONEOS_DEPLOYMENT_TARGET = 9.0;
				LD_RUNPATH_SEARCH_PATHS = "@executable_path/Frameworks";
				TARGETED_DEVICE_FAMILY = "1,2";
				PRODUCT_NAME = "TOLK";
				FRAMEWORK_SEARCH_PATHS = (
					"$(inherited)",
					"\"TOLK/Plugins/cordova-plugin-firebase\"",
					"\"TOLK/Plugins/cordova-plugin-firebase\"",
					"\"TOLK/Plugins/cordova-plugin-firebase\"",
					"\"TOLK/Plugins/cordova-plugin-firebase\"",
					"\"TOLK/Plugins/cordova-plugin-firebase\"",
					"\"TOLK/Plugins/cordova-plugin-firebase\"",
					"\"TOLK/Plugins/cordova-plugin-firebase\"",
					"\"TOLK/Plugins/cordova-plugin-firebase\"",
					"\"TOLK/Plugins/cordova-plugin-firebase\"",
					"\"TOLK/Plugins/cordova-plugin-firebase\"",
					"\"TOLK/Plugins/cordova-plugin-googleplus\"",
					"\"TOLK/Plugins/cordova-plugin-googleplus\"",
					"\"TOLK/Plugins/cordova-plugin-googleplus\"",
					"\"TOLK/Plugins/cordova-plugin-googleplus\"",
					"\"TOLK/Plugins/cordova-plugin-googleplus\"",
					"\"TOLK/Plugins/cordova-plugin-googleplus\"",
				);
			};
			name = Release;
		};
		C01FCF4F08A954540054247B /* Debug */ = {
			isa = XCBuildConfiguration;
			baseConfigurationReference = 3047A5111AB8059700498E2A /* build.xcconfig */;
			buildSettings = {
				CLANG_ENABLE_MODULES = YES;
				CLANG_ENABLE_OBJC_ARC = YES;
				CLANG_WARN_BOOL_CONVERSION = YES;
				CLANG_WARN_CONSTANT_CONVERSION = YES;
				CLANG_WARN_EMPTY_BODY = YES;
				CLANG_WARN_ENUM_CONVERSION = YES;
				CLANG_WARN_INT_CONVERSION = YES;
				CLANG_WARN__DUPLICATE_METHOD_MATCH = YES;
				GCC_C_LANGUAGE_STANDARD = c99;
				GCC_THUMB_SUPPORT = NO;
				GCC_VERSION = "";
				GCC_WARN_ABOUT_RETURN_TYPE = YES;
				GCC_WARN_UNDECLARED_SELECTOR = YES;
				GCC_WARN_UNINITIALIZED_AUTOS = YES;
				GCC_WARN_UNUSED_FUNCTION = YES;
				GCC_WARN_UNUSED_VARIABLE = YES;
				ONLY_ACTIVE_ARCH = YES;
				SDKROOT = iphoneos;
				SKIP_INSTALL = NO;
				ASSETCATALOG_COMPILER_LAUNCHIMAGE_NAME = LaunchImage;
			};
			name = Debug;
		};
		C01FCF5008A954540054247B /* Release */ = {
			isa = XCBuildConfiguration;
			baseConfigurationReference = 3047A5111AB8059700498E2A /* build.xcconfig */;
			buildSettings = {
				CLANG_ENABLE_MODULES = YES;
				CLANG_ENABLE_OBJC_ARC = YES;
				CLANG_WARN_BOOL_CONVERSION = YES;
				CLANG_WARN_CONSTANT_CONVERSION = YES;
				CLANG_WARN_EMPTY_BODY = YES;
				CLANG_WARN_ENUM_CONVERSION = YES;
				CLANG_WARN_INT_CONVERSION = YES;
				CLANG_WARN__DUPLICATE_METHOD_MATCH = YES;
				GCC_C_LANGUAGE_STANDARD = c99;
				GCC_THUMB_SUPPORT = NO;
				GCC_VERSION = "";
				GCC_WARN_ABOUT_RETURN_TYPE = YES;
				GCC_WARN_UNDECLARED_SELECTOR = YES;
				GCC_WARN_UNINITIALIZED_AUTOS = YES;
				GCC_WARN_UNUSED_FUNCTION = YES;
				GCC_WARN_UNUSED_VARIABLE = YES;
				SDKROOT = iphoneos;
				SKIP_INSTALL = NO;
				ASSETCATALOG_COMPILER_LAUNCHIMAGE_NAME = LaunchImage;
			};
			name = Release;
		};
/* End XCBuildConfiguration section */

/* Begin XCConfigurationList section */
		1D6058960D05DD3E006BFB54 /* Build configuration list for PBXNativeTarget "TOLK" */ = {
			isa = XCConfigurationList;
			buildConfigurations = (
				1D6058940D05DD3E006BFB54 /* Debug */,
				1D6058950D05DD3E006BFB54 /* Release */,
			);
			defaultConfigurationIsVisible = 0;
			defaultConfigurationName = Release;
		};
		C01FCF4E08A954540054247B /* Build configuration list for PBXProject "__NON-CLI__" */ = {
			isa = XCConfigurationList;
			buildConfigurations = (
				C01FCF4F08A954540054247B /* Debug */,
				C01FCF5008A954540054247B /* Release */,
			);
			defaultConfigurationIsVisible = 0;
			defaultConfigurationName = Release;
		};
/* End XCConfigurationList section */
	};
	rootObject = 29B97313FDCFA39411CA2CEA /* Project object */;
}
