// !$*UTF8*$!
{
	archiveVersion = 1;
	classes = {
	};
	objectVersion = 46;
	objects = {
/* Begin PBXBuildFile section */
		0207DA581B56EA530066E2B4 /* Images.xcassets in Resources */ = {isa = PBXBuildFile; fileRef = 0207DA571B56EA530066E2B4 /* Images.xcassets */; };
		1D3623260D0F684500981E51 /* AppDelegate.m in Sources */ = {isa = PBXBuildFile; fileRef = 1D3623250D0F684500981E51 /* AppDelegate.m */; };
		1D60589B0D05DD56006BFB54 /* main.m in Sources */ = {isa = PBXBuildFile; fileRef = 29B97316FDCFA39411CA2CEA /* main.m */; };
		301BF552109A68D80062928A /* libCordova.a in Frameworks */ = {isa = PBXBuildFile; fileRef = 301BF535109A57CC0062928A /* libCordova.a */; };
		302D95F114D2391D003F00A1 /* MainViewController.m in Sources */ = {isa = PBXBuildFile; fileRef = 302D95EF14D2391D003F00A1 /* MainViewController.m */; };
		302D95F214D2391D003F00A1 /* MainViewController.xib in Resources */ = {isa = PBXBuildFile; fileRef = 302D95F014D2391D003F00A1 /* MainViewController.xib */; };
		3047A5121AB8059700498E2A /* build-debug.xcconfig in Resources */ = {isa = PBXBuildFile; fileRef = 3047A50F1AB8059700498E2A /* build-debug.xcconfig */; };
		3047A5131AB8059700498E2A /* build-release.xcconfig in Resources */ = {isa = PBXBuildFile; fileRef = 3047A5101AB8059700498E2A /* build-release.xcconfig */; };
		3047A5141AB8059700498E2A /* build.xcconfig in Resources */ = {isa = PBXBuildFile; fileRef = 3047A5111AB8059700498E2A /* build.xcconfig */; };
		6AFF5BF91D6E424B00AB3073 /* CDVLaunchScreen.storyboard in Resources */ = {isa = PBXBuildFile; fileRef = 6AFF5BF81D6E424B00AB3073 /* CDVLaunchScreen.storyboard */; };
		8A84C9B8492D41FBA46CA883 /* UIImage+CropScaleOrientation.m in Sources */ = {isa = PBXBuildFile; fileRef = 75D361303E0B45DC8B00B33C /* UIImage+CropScaleOrientation.m */; };
		5EA14BB8A81140A8928BC620 /* CDVCamera.m in Sources */ = {isa = PBXBuildFile; fileRef = 5E8E414F69D5495E8A532784 /* CDVCamera.m */; };
		1EE64599610A49688F29837C /* CDVJpegHeaderWriter.m in Sources */ = {isa = PBXBuildFile; fileRef = A4838733EFD14B6289FE45A7 /* CDVJpegHeaderWriter.m */; };
		FE93500A05924E0A95F94E78 /* ImageIO.framework in Frameworks */ = {isa = PBXBuildFile; fileRef = 709E67838AAA47DB98EE509F /* ImageIO.framework */; settings = {ATTRIBUTES = (Weak, ); }; };
		8B268116456C496BB2780D8B /* CoreLocation.framework in Frameworks */ = {isa = PBXBuildFile; fileRef = DF73BC9560744B2CB3629570 /* CoreLocation.framework */; };
		791690F8322848AEAD433D8D /* AVFoundation.framework in Frameworks */ = {isa = PBXBuildFile; fileRef = A02CB64EB9C74159A6DC73AA /* AVFoundation.framework */; };
		59ED14DDA4F346B88241589C /* CDVLogger.m in Sources */ = {isa = PBXBuildFile; fileRef = 8707E7C403774FACA0E6D090 /* CDVLogger.m */; };
		F484CF380D124FD1A2EED353 /* CDVContacts.m in Sources */ = {isa = PBXBuildFile; fileRef = CD8F6163D11A447FAC620483 /* CDVContacts.m */; };
		CAD363BE47A141F1BFFAEED9 /* CDVContact.m in Sources */ = {isa = PBXBuildFile; fileRef = 1010E313461C4B56BAA5E4A2 /* CDVContact.m */; };
		D2951A2209B4464D8FF43399 /* AddressBook.framework in Frameworks */ = {isa = PBXBuildFile; fileRef = D2FF9879817748BEBF314773 /* AddressBook.framework */; settings = {ATTRIBUTES = (Weak, ); }; };
		473DD36D31DA4291B08714DC /* AddressBookUI.framework in Frameworks */ = {isa = PBXBuildFile; fileRef = 01654586B2FC4412B897F956 /* AddressBookUI.framework */; settings = {ATTRIBUTES = (Weak, ); }; };
		63BA35965AD3438190F1686A /* CDVDevice.m in Sources */ = {isa = PBXBuildFile; fileRef = 2B5F22EBA13045B9B1E3982F /* CDVDevice.m */; };
		36E2DC323AC4410C9E1B3D3A /* CDVFile.m in Sources */ = {isa = PBXBuildFile; fileRef = 550EED81435149F18279835C /* CDVFile.m */; };
		E53E424DB67D408480F609A6 /* CDVLocalFilesystem.m in Sources */ = {isa = PBXBuildFile; fileRef = 47E49B2937874EBA93526CDA /* CDVLocalFilesystem.m */; };
		339D027938A946069894DEE5 /* CDVAssetLibraryFilesystem.m in Sources */ = {isa = PBXBuildFile; fileRef = D79D5292E1B64DFA9CF9A497 /* CDVAssetLibraryFilesystem.m */; };
		B1ACBDE972AD4A3FBA823DD4 /* AppDelegate+FirebasePlugin.m in Sources */ = {isa = PBXBuildFile; fileRef = 2A2298F0B1664A839736C107 /* AppDelegate+FirebasePlugin.m */; };
		3CB2DE63BB844296A865A52F /* FirebasePlugin.m in Sources */ = {isa = PBXBuildFile; fileRef = 2477F7ED0466431994177003 /* FirebasePlugin.m */; };
		E0FF2E3ADAA74AEBAD056620 /* GoogleService-Info.plist in Resources */ = {isa = PBXBuildFile; fileRef = C3619C957E8347C48BCAFC2F /* GoogleService-Info.plist */; };
		25933955FFC34F84BD0E9595 /* FirebaseAnalytics.framework in Frameworks */ = {isa = PBXBuildFile; fileRef = A9477CCE47304F8FA0E0BB62 /* FirebaseAnalytics.framework */; };
		F51F52524A5E460AB7E4CB5E /* FirebaseCore.framework in Frameworks */ = {isa = PBXBuildFile; fileRef = 3127564958FA4B80B6C2ADB9 /* FirebaseCore.framework */; };
		9D7D84F9360B43DAB8653C19 /* FirebaseInstanceID.framework in Frameworks */ = {isa = PBXBuildFile; fileRef = F3196A9BB9CE41BD8DC05514 /* FirebaseInstanceID.framework */; };
		EAF1B51643134566846D6D9D /* GoogleInterchangeUtilities.framework in Frameworks */ = {isa = PBXBuildFile; fileRef = CD3033D7E0EF49DD9EA73ABA /* GoogleInterchangeUtilities.framework */; };
		8DFCF6CF411943B99333F19A /* GoogleSymbolUtilities.framework in Frameworks */ = {isa = PBXBuildFile; fileRef = B97B27851B9B4E28AB62CE6F /* GoogleSymbolUtilities.framework */; };
		2E10912992AD410D958F14A0 /* GoogleUtilities.framework in Frameworks */ = {isa = PBXBuildFile; fileRef = BD86595B33C648D3A87CEFCE /* GoogleUtilities.framework */; };
		817D1D7AA5604D87AE5EE33A /* FirebaseMessaging.framework in Frameworks */ = {isa = PBXBuildFile; fileRef = 754897C03EB74D66B6B47838 /* FirebaseMessaging.framework */; };
		66DBDBE594F343EABE48DBEF /* GoogleIPhoneUtilities.framework in Frameworks */ = {isa = PBXBuildFile; fileRef = 86040BE2C32940F2884FD083 /* GoogleIPhoneUtilities.framework */; };
		E263F49192134C6DB37A1341 /* FirebaseCrash.framework in Frameworks */ = {isa = PBXBuildFile; fileRef = 9A219A822C744ABA912D2838 /* FirebaseCrash.framework */; };
		3963260BED4D45AD9980DE17 /* FirebaseRemoteConfig.framework in Frameworks */ = {isa = PBXBuildFile; fileRef = 0E531940EAA840FB99001399 /* FirebaseRemoteConfig.framework */; };
		58E899C7E86E4FFF84D453A3 /* CDVLocation.m in Sources */ = {isa = PBXBuildFile; fileRef = 9E0365C2873E4813827D8D25 /* CDVLocation.m */; };
		A271F0DDBDD24CBC95E71F8A /* GooglePlus.m in Sources */ = {isa = PBXBuildFile; fileRef = D6892B8CAE3A43A89EDF7ADC /* GooglePlus.m */; };
		7EB8130101AD4F72A23A9D17 /* GoogleAppUtilities.framework in Frameworks */ = {isa = PBXBuildFile; fileRef = 3A2644752C2C4990B13707D3 /* GoogleAppUtilities.framework */; };
		3C753970ECEC4CFFA44A4981 /* GoogleAuthUtilities.framework in Frameworks */ = {isa = PBXBuildFile; fileRef = 1B66D52615BE43528897ECD3 /* GoogleAuthUtilities.framework */; };
		8FBECBE8D95E4B1F98AFE85F /* GoogleNetworkingUtilities.framework in Frameworks */ = {isa = PBXBuildFile; fileRef = 8E839FC83BD64372B5E0A962 /* GoogleNetworkingUtilities.framework */; };
		87C79CD60A2D4AD696AD2B30 /* GoogleSignIn.framework in Frameworks */ = {isa = PBXBuildFile; fileRef = 283A310D040E4D4992246ABB /* GoogleSignIn.framework */; };
		C233870E9C87479D9814965B /* GoogleSymbolUtilities.framework in Frameworks */ = {isa = PBXBuildFile; fileRef = E5EC545BEB0F492197465043 /* GoogleSymbolUtilities.framework */; };
		3CECE713C4B94F6A843A0762 /* GoogleUtilities.framework in Frameworks */ = {isa = PBXBuildFile; fileRef = AD24B08B22A84476A628B50D /* GoogleUtilities.framework */; };
		7A0C4120AFC1438E9B722800 /* CoreText.framework in Frameworks */ = {isa = PBXBuildFile; fileRef = E25C74D690CB404C99A90108 /* CoreText.framework */; settings = {ATTRIBUTES = (Weak, ); }; };
		B0228067D3F8439C8973698D /* SafariServices.framework in Frameworks */ = {isa = PBXBuildFile; fileRef = EC516E79884B410EB95845FF /* SafariServices.framework */; settings = {ATTRIBUTES = (Weak, ); }; };
		21B1BBD3697C42A1801914E8 /* Security.framework in Frameworks */ = {isa = PBXBuildFile; fileRef = CD3252B6DF664948BEBBF55D /* Security.framework */; settings = {ATTRIBUTES = (Weak, ); }; };
		D93E49E1EC5E4949947E3B8D /* SystemConfiguration.framework in Frameworks */ = {isa = PBXBuildFile; fileRef = 73CFAF01222343A0B5D25C98 /* SystemConfiguration.framework */; settings = {ATTRIBUTES = (Weak, ); }; };
		DA53623B8A96408BA70956A2 /* libz.tbd in Frameworks */ = {isa = PBXBuildFile; fileRef = 7F7E25BD5F844892B1B89E2E /* libz.tbd */; settings = {ATTRIBUTES = (Weak, ); }; };
		6FDB612155544DC48BD451EC /* libz.dylib in Frameworks */ = {isa = PBXBuildFile; fileRef = D2DBEE9CE2844D4D8AF039E9 /* libz.dylib */; settings = {ATTRIBUTES = (Weak, ); }; };
		34538713E4C94B98A02663D4 /* CDVCapture.m in Sources */ = {isa = PBXBuildFile; fileRef = 61769D3EC2A54E4D98F23F6D /* CDVCapture.m */; };
		C00C8B0E0D3B4323A4E1FECA /* CDVCapture.bundle in Resources */ = {isa = PBXBuildFile; fileRef = 7D0D3239464A4F8C8F887A54 /* CDVCapture.bundle */; };
		DCFE03D61E754052BB82471C /* CDVSplashScreen.m in Sources */ = {isa = PBXBuildFile; fileRef = 98D6BAEE993D472A93CC8177 /* CDVSplashScreen.m */; };
		3D5F5D6BD69A4DB5AABA8BC1 /* CDVViewController+SplashScreen.m in Sources */ = {isa = PBXBuildFile; fileRef = 1676EF0D3D244D92AEC99C81 /* CDVViewController+SplashScreen.m */; };
		BCF6E0E067D04547ACB39E3D /* CDVStatusBar.m in Sources */ = {isa = PBXBuildFile; fileRef = EEAE34BD749243609170C16F /* CDVStatusBar.m */; };
		27D413F991A7491E9B81FE5C /* IonicKeyboard.m in Sources */ = {isa = PBXBuildFile; fileRef = 223B258B8AEA4D42A1500F17 /* IonicKeyboard.m */; };
/* End PBXBuildFile section */

/* Begin PBXContainerItemProxy section */
		301BF534109A57CC0062928A /* PBXContainerItemProxy */ = {
			isa = PBXContainerItemProxy;
			containerPortal = 301BF52D109A57CC0062928A /* CordovaLib.xcodeproj */;
			proxyType = 2;
			remoteGlobalIDString = D2AAC07E0554694100DB518D;
			remoteInfo = CordovaLib;
		};
		301BF550109A68C00062928A /* PBXContainerItemProxy */ = {
			isa = PBXContainerItemProxy;
			containerPortal = 301BF52D109A57CC0062928A /* CordovaLib.xcodeproj */;
			proxyType = 1;
			remoteGlobalIDString = D2AAC07D0554694100DB518D;
			remoteInfo = CordovaLib;
		};
/* End PBXContainerItemProxy section */

/* Begin PBXFileReference section */
		0207DA571B56EA530066E2B4 /* Images.xcassets */ = {isa = PBXFileReference; lastKnownFileType = folder.assetcatalog; name = Images.xcassets; path = "TOLK/Images.xcassets"; sourceTree = SOURCE_ROOT; };
		1D3623240D0F684500981E51 /* AppDelegate.h */ = {isa = PBXFileReference; fileEncoding = 4; lastKnownFileType = sourcecode.c.h; path = AppDelegate.h; sourceTree = "<group>"; };
		1D3623250D0F684500981E51 /* AppDelegate.m */ = {isa = PBXFileReference; fileEncoding = 4; lastKnownFileType = sourcecode.c.objc; path = AppDelegate.m; sourceTree = "<group>"; };
		1D6058910D05DD3D006BFB54 /* TOLK.app */ = {isa = PBXFileReference; explicitFileType = wrapper.application; includeInIndex = 0; path = "TOLK.app"; sourceTree = BUILT_PRODUCTS_DIR; };
		29B97316FDCFA39411CA2CEA /* main.m */ = {isa = PBXFileReference; fileEncoding = 4; lastKnownFileType = sourcecode.c.objc; path = main.m; sourceTree = "<group>"; };
		301BF52D109A57CC0062928A /* CordovaLib.xcodeproj */ = {isa = PBXFileReference; lastKnownFileType = "wrapper.pb-project"; path = CordovaLib/CordovaLib.xcodeproj; sourceTree = "<group>"; };
		301BF56E109A69640062928A /* www */ = {isa = PBXFileReference; lastKnownFileType = folder; path = www; sourceTree = SOURCE_ROOT; };
		302D95EE14D2391D003F00A1 /* MainViewController.h */ = {isa = PBXFileReference; fileEncoding = 4; lastKnownFileType = sourcecode.c.h; path = MainViewController.h; sourceTree = "<group>"; };
		302D95EF14D2391D003F00A1 /* MainViewController.m */ = {isa = PBXFileReference; fileEncoding = 4; lastKnownFileType = sourcecode.c.objc; path = MainViewController.m; sourceTree = "<group>"; };
		302D95F014D2391D003F00A1 /* MainViewController.xib */ = {isa = PBXFileReference; fileEncoding = 4; lastKnownFileType = file.xib; path = MainViewController.xib; sourceTree = "<group>"; };
		3047A50F1AB8059700498E2A /* build-debug.xcconfig */ = {isa = PBXFileReference; fileEncoding = 4; lastKnownFileType = text.xcconfig; name = "build-debug.xcconfig"; path = cordova/build-debug.xcconfig; sourceTree = SOURCE_ROOT; };
		3047A5101AB8059700498E2A /* build-release.xcconfig */ = {isa = PBXFileReference; fileEncoding = 4; lastKnownFileType = text.xcconfig; name = "build-release.xcconfig"; path = cordova/build-release.xcconfig; sourceTree = SOURCE_ROOT; };
		3047A5111AB8059700498E2A /* build.xcconfig */ = {isa = PBXFileReference; fileEncoding = 4; lastKnownFileType = text.xcconfig; name = build.xcconfig; path = cordova/build.xcconfig; sourceTree = SOURCE_ROOT; };
		32CA4F630368D1EE00C91783 /* TOLK-Prefix.pch */ = {isa = PBXFileReference; fileEncoding = 4; lastKnownFileType = sourcecode.c.h; path = "TOLK-Prefix.pch"; sourceTree = "<group>"; };
		6AFF5BF81D6E424B00AB3073 /* CDVLaunchScreen.storyboard */ = {isa = PBXFileReference; fileEncoding = 4; lastKnownFileType = file.storyboard; name = CDVLaunchScreen.storyboard; path = "TOLK/CDVLaunchScreen.storyboard"; sourceTree = SOURCE_ROOT; };
		8D1107310486CEB800E47090 /* TOLK-Info.plist */ = {isa = PBXFileReference; fileEncoding = 4; lastKnownFileType = text.plist.xml; name = "TOLK-Info.plist"; path = "TOLK/TOLK-Info.plist"; plistStructureDefinitionIdentifier = "com.apple.xcode.plist.structure-definition.iphone.info-plist"; sourceTree = SOURCE_ROOT; };
		EB87FDF31871DA8E0020F90C /* www */ = {isa = PBXFileReference; lastKnownFileType = folder; name = www; path = ../../www; sourceTree = "<group>"; };
		EB87FDF41871DAF40020F90C /* config.xml */ = {isa = PBXFileReference; lastKnownFileType = text.xml; name = config.xml; path = ../../config.xml; sourceTree = "<group>"; };
		F840E1F0165FE0F500CFE078 /* config.xml */ = {isa = PBXFileReference; lastKnownFileType = text.xml; name = config.xml; path = "TOLK/config.xml"; sourceTree = "<group>"; };
		ED33DF2A687741AEAF9F8254 /* Bridging-Header.h */ = {isa = PBXFileReference; fileEncoding = 4; lastKnownFileType = sourcecode.c.h; name = "Bridging-Header.h"; path = "Bridging-Header.h"; sourceTree = "<group>"; };
		75D361303E0B45DC8B00B33C /* UIImage+CropScaleOrientation.m */ = {isa = PBXFileReference; name = "UIImage+CropScaleOrientation.m"; path = "cordova-plugin-camera/UIImage+CropScaleOrientation.m"; sourceTree = "<group>"; fileEncoding = 4; lastKnownFileType = sourcecode.c.objc; explicitFileType = undefined; includeInIndex = 0; };
		5E8E414F69D5495E8A532784 /* CDVCamera.m */ = {isa = PBXFileReference; name = "CDVCamera.m"; path = "cordova-plugin-camera/CDVCamera.m"; sourceTree = "<group>"; fileEncoding = 4; lastKnownFileType = sourcecode.c.objc; explicitFileType = undefined; includeInIndex = 0; };
		A4838733EFD14B6289FE45A7 /* CDVJpegHeaderWriter.m */ = {isa = PBXFileReference; name = "CDVJpegHeaderWriter.m"; path = "cordova-plugin-camera/CDVJpegHeaderWriter.m"; sourceTree = "<group>"; fileEncoding = 4; lastKnownFileType = sourcecode.c.objc; explicitFileType = undefined; includeInIndex = 0; };
		12149B791FE74A18A5454422 /* UIImage+CropScaleOrientation.h */ = {isa = PBXFileReference; name = "UIImage+CropScaleOrientation.h"; path = "cordova-plugin-camera/UIImage+CropScaleOrientation.h"; sourceTree = "<group>"; fileEncoding = 4; lastKnownFileType = sourcecode.c.h; explicitFileType = undefined; includeInIndex = 0; };
		85DE8C12D05D4DE4AD5EB001 /* CDVCamera.h */ = {isa = PBXFileReference; name = "CDVCamera.h"; path = "cordova-plugin-camera/CDVCamera.h"; sourceTree = "<group>"; fileEncoding = 4; lastKnownFileType = sourcecode.c.h; explicitFileType = undefined; includeInIndex = 0; };
		DA90A8C623F24A58BC157284 /* CDVJpegHeaderWriter.h */ = {isa = PBXFileReference; name = "CDVJpegHeaderWriter.h"; path = "cordova-plugin-camera/CDVJpegHeaderWriter.h"; sourceTree = "<group>"; fileEncoding = 4; lastKnownFileType = sourcecode.c.h; explicitFileType = undefined; includeInIndex = 0; };
		974BCAF4CBB243999B6B5345 /* CDVExif.h */ = {isa = PBXFileReference; name = "CDVExif.h"; path = "cordova-plugin-camera/CDVExif.h"; sourceTree = "<group>"; fileEncoding = 4; lastKnownFileType = sourcecode.c.h; explicitFileType = undefined; includeInIndex = 0; };
		709E67838AAA47DB98EE509F /* ImageIO.framework */ = {isa = PBXFileReference; name = "ImageIO.framework"; path = "System/Library/Frameworks/ImageIO.framework"; sourceTree = SDKROOT; fileEncoding = undefined; lastKnownFileType = wrapper.framework; explicitFileType = undefined; includeInIndex = 0; };
		DF73BC9560744B2CB3629570 /* CoreLocation.framework */ = {isa = PBXFileReference; name = "CoreLocation.framework"; path = "System/Library/Frameworks/CoreLocation.framework"; sourceTree = SDKROOT; fileEncoding = undefined; lastKnownFileType = wrapper.framework; explicitFileType = undefined; includeInIndex = 0; };
		A02CB64EB9C74159A6DC73AA /* AVFoundation.framework */ = {isa = PBXFileReference; name = "AVFoundation.framework"; path = "System/Library/Frameworks/AVFoundation.framework"; sourceTree = SDKROOT; fileEncoding = undefined; lastKnownFileType = wrapper.framework; explicitFileType = undefined; includeInIndex = 0; };
		8707E7C403774FACA0E6D090 /* CDVLogger.m */ = {isa = PBXFileReference; name = "CDVLogger.m"; path = "cordova-plugin-console/CDVLogger.m"; sourceTree = "<group>"; fileEncoding = 4; lastKnownFileType = sourcecode.c.objc; explicitFileType = undefined; includeInIndex = 0; };
		F3899A6C1F184F038CE31E52 /* CDVLogger.h */ = {isa = PBXFileReference; name = "CDVLogger.h"; path = "cordova-plugin-console/CDVLogger.h"; sourceTree = "<group>"; fileEncoding = 4; lastKnownFileType = sourcecode.c.h; explicitFileType = undefined; includeInIndex = 0; };
		CD8F6163D11A447FAC620483 /* CDVContacts.m */ = {isa = PBXFileReference; name = "CDVContacts.m"; path = "cordova-plugin-contacts/CDVContacts.m"; sourceTree = "<group>"; fileEncoding = 4; lastKnownFileType = sourcecode.c.objc; explicitFileType = undefined; includeInIndex = 0; };
		1010E313461C4B56BAA5E4A2 /* CDVContact.m */ = {isa = PBXFileReference; name = "CDVContact.m"; path = "cordova-plugin-contacts/CDVContact.m"; sourceTree = "<group>"; fileEncoding = 4; lastKnownFileType = sourcecode.c.objc; explicitFileType = undefined; includeInIndex = 0; };
		CFB5D067E68D438CBA8417F6 /* CDVContacts.h */ = {isa = PBXFileReference; name = "CDVContacts.h"; path = "cordova-plugin-contacts/CDVContacts.h"; sourceTree = "<group>"; fileEncoding = 4; lastKnownFileType = sourcecode.c.h; explicitFileType = undefined; includeInIndex = 0; };
		C101224550C743CB8D5895DE /* CDVContact.h */ = {isa = PBXFileReference; name = "CDVContact.h"; path = "cordova-plugin-contacts/CDVContact.h"; sourceTree = "<group>"; fileEncoding = 4; lastKnownFileType = sourcecode.c.h; explicitFileType = undefined; includeInIndex = 0; };
		D2FF9879817748BEBF314773 /* AddressBook.framework */ = {isa = PBXFileReference; name = "AddressBook.framework"; path = "System/Library/Frameworks/AddressBook.framework"; sourceTree = SDKROOT; fileEncoding = undefined; lastKnownFileType = wrapper.framework; explicitFileType = undefined; includeInIndex = 0; };
		01654586B2FC4412B897F956 /* AddressBookUI.framework */ = {isa = PBXFileReference; name = "AddressBookUI.framework"; path = "System/Library/Frameworks/AddressBookUI.framework"; sourceTree = SDKROOT; fileEncoding = undefined; lastKnownFileType = wrapper.framework; explicitFileType = undefined; includeInIndex = 0; };
		2B5F22EBA13045B9B1E3982F /* CDVDevice.m */ = {isa = PBXFileReference; name = "CDVDevice.m"; path = "cordova-plugin-device/CDVDevice.m"; sourceTree = "<group>"; fileEncoding = 4; lastKnownFileType = sourcecode.c.objc; explicitFileType = undefined; includeInIndex = 0; };
		486B7A7BDB15467CA285C494 /* CDVDevice.h */ = {isa = PBXFileReference; name = "CDVDevice.h"; path = "cordova-plugin-device/CDVDevice.h"; sourceTree = "<group>"; fileEncoding = 4; lastKnownFileType = sourcecode.c.h; explicitFileType = undefined; includeInIndex = 0; };
		550EED81435149F18279835C /* CDVFile.m */ = {isa = PBXFileReference; name = "CDVFile.m"; path = "cordova-plugin-file/CDVFile.m"; sourceTree = "<group>"; fileEncoding = 4; lastKnownFileType = sourcecode.c.objc; explicitFileType = undefined; includeInIndex = 0; };
		47E49B2937874EBA93526CDA /* CDVLocalFilesystem.m */ = {isa = PBXFileReference; name = "CDVLocalFilesystem.m"; path = "cordova-plugin-file/CDVLocalFilesystem.m"; sourceTree = "<group>"; fileEncoding = 4; lastKnownFileType = sourcecode.c.objc; explicitFileType = undefined; includeInIndex = 0; };
		D79D5292E1B64DFA9CF9A497 /* CDVAssetLibraryFilesystem.m */ = {isa = PBXFileReference; name = "CDVAssetLibraryFilesystem.m"; path = "cordova-plugin-file/CDVAssetLibraryFilesystem.m"; sourceTree = "<group>"; fileEncoding = 4; lastKnownFileType = sourcecode.c.objc; explicitFileType = undefined; includeInIndex = 0; };
		60C8AC740B924A25A6AFFC89 /* CDVFile.h */ = {isa = PBXFileReference; name = "CDVFile.h"; path = "cordova-plugin-file/CDVFile.h"; sourceTree = "<group>"; fileEncoding = 4; lastKnownFileType = sourcecode.c.h; explicitFileType = undefined; includeInIndex = 0; };
		FCF8C61BA0E04F5E972623CF /* CDVLocalFilesystem.h */ = {isa = PBXFileReference; name = "CDVLocalFilesystem.h"; path = "cordova-plugin-file/CDVLocalFilesystem.h"; sourceTree = "<group>"; fileEncoding = 4; lastKnownFileType = sourcecode.c.h; explicitFileType = undefined; includeInIndex = 0; };
		32C3677B321D480590692A8C /* CDVAssetLibraryFilesystem.h */ = {isa = PBXFileReference; name = "CDVAssetLibraryFilesystem.h"; path = "cordova-plugin-file/CDVAssetLibraryFilesystem.h"; sourceTree = "<group>"; fileEncoding = 4; lastKnownFileType = sourcecode.c.h; explicitFileType = undefined; includeInIndex = 0; };
		2A2298F0B1664A839736C107 /* AppDelegate+FirebasePlugin.m */ = {isa = PBXFileReference; name = "AppDelegate+FirebasePlugin.m"; path = "cordova-plugin-firebase/AppDelegate+FirebasePlugin.m"; sourceTree = "<group>"; fileEncoding = 4; lastKnownFileType = sourcecode.c.objc; explicitFileType = undefined; includeInIndex = 0; };
		2477F7ED0466431994177003 /* FirebasePlugin.m */ = {isa = PBXFileReference; name = "FirebasePlugin.m"; path = "cordova-plugin-firebase/FirebasePlugin.m"; sourceTree = "<group>"; fileEncoding = 4; lastKnownFileType = sourcecode.c.objc; explicitFileType = undefined; includeInIndex = 0; };
		5FA08867DEDF40DA823EE56C /* AppDelegate+FirebasePlugin.h */ = {isa = PBXFileReference; name = "AppDelegate+FirebasePlugin.h"; path = "cordova-plugin-firebase/AppDelegate+FirebasePlugin.h"; sourceTree = "<group>"; fileEncoding = 4; lastKnownFileType = sourcecode.c.h; explicitFileType = undefined; includeInIndex = 0; };
		90363CDE1FAB4A30B3B886F2 /* FirebasePlugin.h */ = {isa = PBXFileReference; name = "FirebasePlugin.h"; path = "cordova-plugin-firebase/FirebasePlugin.h"; sourceTree = "<group>"; fileEncoding = 4; lastKnownFileType = sourcecode.c.h; explicitFileType = undefined; includeInIndex = 0; };
		81A5696C08464ED8ADE42B8A /* Firebase.h */ = {isa = PBXFileReference; name = "Firebase.h"; path = "cordova-plugin-firebase/Firebase.h"; sourceTree = "<group>"; fileEncoding = 4; lastKnownFileType = sourcecode.c.h; explicitFileType = undefined; includeInIndex = 0; };
		C3619C957E8347C48BCAFC2F /* GoogleService-Info.plist */ = {isa = PBXFileReference; name = "GoogleService-Info.plist"; path = "Resources/GoogleService-Info.plist"; sourceTree = "<group>"; fileEncoding = 4; lastKnownFileType = text.plist.xml; explicitFileType = undefined; includeInIndex = 0; };
		A9477CCE47304F8FA0E0BB62 /* FirebaseAnalytics.framework */ = {isa = PBXFileReference; name = "FirebaseAnalytics.framework"; path = "TOLK/Plugins/cordova-plugin-firebase/FirebaseAnalytics.framework"; sourceTree = "<group>"; fileEncoding = undefined; lastKnownFileType = wrapper.framework; explicitFileType = undefined; includeInIndex = 0; };
		3127564958FA4B80B6C2ADB9 /* FirebaseCore.framework */ = {isa = PBXFileReference; name = "FirebaseCore.framework"; path = "TOLK/Plugins/cordova-plugin-firebase/FirebaseCore.framework"; sourceTree = "<group>"; fileEncoding = undefined; lastKnownFileType = wrapper.framework; explicitFileType = undefined; includeInIndex = 0; };
		F3196A9BB9CE41BD8DC05514 /* FirebaseInstanceID.framework */ = {isa = PBXFileReference; name = "FirebaseInstanceID.framework"; path = "TOLK/Plugins/cordova-plugin-firebase/FirebaseInstanceID.framework"; sourceTree = "<group>"; fileEncoding = undefined; lastKnownFileType = wrapper.framework; explicitFileType = undefined; includeInIndex = 0; };
		CD3033D7E0EF49DD9EA73ABA /* GoogleInterchangeUtilities.framework */ = {isa = PBXFileReference; name = "GoogleInterchangeUtilities.framework"; path = "TOLK/Plugins/cordova-plugin-firebase/GoogleInterchangeUtilities.framework"; sourceTree = "<group>"; fileEncoding = undefined; lastKnownFileType = wrapper.framework; explicitFileType = undefined; includeInIndex = 0; };
		B97B27851B9B4E28AB62CE6F /* GoogleSymbolUtilities.framework */ = {isa = PBXFileReference; name = "GoogleSymbolUtilities.framework"; path = "TOLK/Plugins/cordova-plugin-firebase/GoogleSymbolUtilities.framework"; sourceTree = "<group>"; fileEncoding = undefined; lastKnownFileType = wrapper.framework; explicitFileType = undefined; includeInIndex = 0; };
		BD86595B33C648D3A87CEFCE /* GoogleUtilities.framework */ = {isa = PBXFileReference; name = "GoogleUtilities.framework"; path = "TOLK/Plugins/cordova-plugin-firebase/GoogleUtilities.framework"; sourceTree = "<group>"; fileEncoding = undefined; lastKnownFileType = wrapper.framework; explicitFileType = undefined; includeInIndex = 0; };
		754897C03EB74D66B6B47838 /* FirebaseMessaging.framework */ = {isa = PBXFileReference; name = "FirebaseMessaging.framework"; path = "TOLK/Plugins/cordova-plugin-firebase/FirebaseMessaging.framework"; sourceTree = "<group>"; fileEncoding = undefined; lastKnownFileType = wrapper.framework; explicitFileType = undefined; includeInIndex = 0; };
		86040BE2C32940F2884FD083 /* GoogleIPhoneUtilities.framework */ = {isa = PBXFileReference; name = "GoogleIPhoneUtilities.framework"; path = "TOLK/Plugins/cordova-plugin-firebase/GoogleIPhoneUtilities.framework"; sourceTree = "<group>"; fileEncoding = undefined; lastKnownFileType = wrapper.framework; explicitFileType = undefined; includeInIndex = 0; };
		9A219A822C744ABA912D2838 /* FirebaseCrash.framework */ = {isa = PBXFileReference; name = "FirebaseCrash.framework"; path = "TOLK/Plugins/cordova-plugin-firebase/FirebaseCrash.framework"; sourceTree = "<group>"; fileEncoding = undefined; lastKnownFileType = wrapper.framework; explicitFileType = undefined; includeInIndex = 0; };
		0E531940EAA840FB99001399 /* FirebaseRemoteConfig.framework */ = {isa = PBXFileReference; name = "FirebaseRemoteConfig.framework"; path = "TOLK/Plugins/cordova-plugin-firebase/FirebaseRemoteConfig.framework"; sourceTree = "<group>"; fileEncoding = undefined; lastKnownFileType = wrapper.framework; explicitFileType = undefined; includeInIndex = 0; };
		9E0365C2873E4813827D8D25 /* CDVLocation.m */ = {isa = PBXFileReference; name = "CDVLocation.m"; path = "cordova-plugin-geolocation/CDVLocation.m"; sourceTree = "<group>"; fileEncoding = 4; lastKnownFileType = sourcecode.c.objc; explicitFileType = undefined; includeInIndex = 0; };
		F7EF229F58AA4E768A77CFCE /* CDVLocation.h */ = {isa = PBXFileReference; name = "CDVLocation.h"; path = "cordova-plugin-geolocation/CDVLocation.h"; sourceTree = "<group>"; fileEncoding = 4; lastKnownFileType = sourcecode.c.h; explicitFileType = undefined; includeInIndex = 0; };
		D6892B8CAE3A43A89EDF7ADC /* GooglePlus.m */ = {isa = PBXFileReference; name = "GooglePlus.m"; path = "cordova-plugin-googleplus/GooglePlus.m"; sourceTree = "<group>"; fileEncoding = 4; lastKnownFileType = sourcecode.c.objc; explicitFileType = undefined; includeInIndex = 0; };
		2B1FAB85F2654926B4D218A4 /* GooglePlus.h */ = {isa = PBXFileReference; name = "GooglePlus.h"; path = "cordova-plugin-googleplus/GooglePlus.h"; sourceTree = "<group>"; fileEncoding = 4; lastKnownFileType = sourcecode.c.h; explicitFileType = undefined; includeInIndex = 0; };
		3A2644752C2C4990B13707D3 /* GoogleAppUtilities.framework */ = {isa = PBXFileReference; name = "GoogleAppUtilities.framework"; path = "TOLK/Plugins/cordova-plugin-googleplus/GoogleAppUtilities.framework"; sourceTree = "<group>"; fileEncoding = undefined; lastKnownFileType = wrapper.framework; explicitFileType = undefined; includeInIndex = 0; };
		1B66D52615BE43528897ECD3 /* GoogleAuthUtilities.framework */ = {isa = PBXFileReference; name = "GoogleAuthUtilities.framework"; path = "TOLK/Plugins/cordova-plugin-googleplus/GoogleAuthUtilities.framework"; sourceTree = "<group>"; fileEncoding = undefined; lastKnownFileType = wrapper.framework; explicitFileType = undefined; includeInIndex = 0; };
		8E839FC83BD64372B5E0A962 /* GoogleNetworkingUtilities.framework */ = {isa = PBXFileReference; name = "GoogleNetworkingUtilities.framework"; path = "TOLK/Plugins/cordova-plugin-googleplus/GoogleNetworkingUtilities.framework"; sourceTree = "<group>"; fileEncoding = undefined; lastKnownFileType = wrapper.framework; explicitFileType = undefined; includeInIndex = 0; };
		283A310D040E4D4992246ABB /* GoogleSignIn.framework */ = {isa = PBXFileReference; name = "GoogleSignIn.framework"; path = "TOLK/Plugins/cordova-plugin-googleplus/GoogleSignIn.framework"; sourceTree = "<group>"; fileEncoding = undefined; lastKnownFileType = wrapper.framework; explicitFileType = undefined; includeInIndex = 0; };
		E5EC545BEB0F492197465043 /* GoogleSymbolUtilities.framework */ = {isa = PBXFileReference; name = "GoogleSymbolUtilities.framework"; path = "TOLK/Plugins/cordova-plugin-googleplus/GoogleSymbolUtilities.framework"; sourceTree = "<group>"; fileEncoding = undefined; lastKnownFileType = wrapper.framework; explicitFileType = undefined; includeInIndex = 0; };
		AD24B08B22A84476A628B50D /* GoogleUtilities.framework */ = {isa = PBXFileReference; name = "GoogleUtilities.framework"; path = "TOLK/Plugins/cordova-plugin-googleplus/GoogleUtilities.framework"; sourceTree = "<group>"; fileEncoding = undefined; lastKnownFileType = wrapper.framework; explicitFileType = undefined; includeInIndex = 0; };
		E25C74D690CB404C99A90108 /* CoreText.framework */ = {isa = PBXFileReference; name = "CoreText.framework"; path = "System/Library/Frameworks/CoreText.framework"; sourceTree = SDKROOT; fileEncoding = undefined; lastKnownFileType = wrapper.framework; explicitFileType = undefined; includeInIndex = 0; };
		EC516E79884B410EB95845FF /* SafariServices.framework */ = {isa = PBXFileReference; name = "SafariServices.framework"; path = "System/Library/Frameworks/SafariServices.framework"; sourceTree = SDKROOT; fileEncoding = undefined; lastKnownFileType = wrapper.framework; explicitFileType = undefined; includeInIndex = 0; };
		CD3252B6DF664948BEBBF55D /* Security.framework */ = {isa = PBXFileReference; name = "Security.framework"; path = "System/Library/Frameworks/Security.framework"; sourceTree = SDKROOT; fileEncoding = undefined; lastKnownFileType = wrapper.framework; explicitFileType = undefined; includeInIndex = 0; };
		73CFAF01222343A0B5D25C98 /* SystemConfiguration.framework */ = {isa = PBXFileReference; name = "SystemConfiguration.framework"; path = "System/Library/Frameworks/SystemConfiguration.framework"; sourceTree = SDKROOT; fileEncoding = undefined; lastKnownFileType = wrapper.framework; explicitFileType = undefined; includeInIndex = 0; };
		7F7E25BD5F844892B1B89E2E /* libz.tbd */ = {isa = PBXFileReference; name = "libz.tbd"; path = "usr/lib/libz.tbd"; sourceTree = SDKROOT; fileEncoding = undefined; lastKnownFileType = sourcecode.text-based-dylib-definition; explicitFileType = undefined; includeInIndex = 0; };
		D2DBEE9CE2844D4D8AF039E9 /* libz.dylib */ = {isa = PBXFileReference; name = "libz.dylib"; path = "usr/lib/libz.dylib"; sourceTree = SDKROOT; fileEncoding = undefined; lastKnownFileType = compiled.mach-o.dylib; explicitFileType = undefined; includeInIndex = 0; };
		61769D3EC2A54E4D98F23F6D /* CDVCapture.m */ = {isa = PBXFileReference; name = "CDVCapture.m"; path = "cordova-plugin-media-capture/CDVCapture.m"; sourceTree = "<group>"; fileEncoding = 4; lastKnownFileType = sourcecode.c.objc; explicitFileType = undefined; includeInIndex = 0; };
		14E80951922D49AC9CDB8C78 /* CDVCapture.h */ = {isa = PBXFileReference; name = "CDVCapture.h"; path = "cordova-plugin-media-capture/CDVCapture.h"; sourceTree = "<group>"; fileEncoding = 4; lastKnownFileType = sourcecode.c.h; explicitFileType = undefined; includeInIndex = 0; };
		7D0D3239464A4F8C8F887A54 /* CDVCapture.bundle */ = {isa = PBXFileReference; name = "CDVCapture.bundle"; path = "CDVCapture.bundle"; sourceTree = "<group>"; fileEncoding = undefined; lastKnownFileType = wrapper.plug-in; explicitFileType = undefined; includeInIndex = 0; };
		98D6BAEE993D472A93CC8177 /* CDVSplashScreen.m */ = {isa = PBXFileReference; name = "CDVSplashScreen.m"; path = "cordova-plugin-splashscreen/CDVSplashScreen.m"; sourceTree = "<group>"; fileEncoding = 4; lastKnownFileType = sourcecode.c.objc; explicitFileType = undefined; includeInIndex = 0; };
		1676EF0D3D244D92AEC99C81 /* CDVViewController+SplashScreen.m */ = {isa = PBXFileReference; name = "CDVViewController+SplashScreen.m"; path = "cordova-plugin-splashscreen/CDVViewController+SplashScreen.m"; sourceTree = "<group>"; fileEncoding = 4; lastKnownFileType = sourcecode.c.objc; explicitFileType = undefined; includeInIndex = 0; };
		DBCD4B2C86DB442592B6F424 /* CDVSplashScreen.h */ = {isa = PBXFileReference; name = "CDVSplashScreen.h"; path = "cordova-plugin-splashscreen/CDVSplashScreen.h"; sourceTree = "<group>"; fileEncoding = 4; lastKnownFileType = sourcecode.c.h; explicitFileType = undefined; includeInIndex = 0; };
		A950361A1058400A9ACB6BC1 /* CDVViewController+SplashScreen.h */ = {isa = PBXFileReference; name = "CDVViewController+SplashScreen.h"; path = "cordova-plugin-splashscreen/CDVViewController+SplashScreen.h"; sourceTree = "<group>"; fileEncoding = 4; lastKnownFileType = sourcecode.c.h; explicitFileType = undefined; includeInIndex = 0; };
		EEAE34BD749243609170C16F /* CDVStatusBar.m */ = {isa = PBXFileReference; name = "CDVStatusBar.m"; path = "cordova-plugin-statusbar/CDVStatusBar.m"; sourceTree = "<group>"; fileEncoding = 4; lastKnownFileType = sourcecode.c.objc; explicitFileType = undefined; includeInIndex = 0; };
		6BCA7ABC1802429B92F30CB9 /* CDVStatusBar.h */ = {isa = PBXFileReference; name = "CDVStatusBar.h"; path = "cordova-plugin-statusbar/CDVStatusBar.h"; sourceTree = "<group>"; fileEncoding = 4; lastKnownFileType = sourcecode.c.h; explicitFileType = undefined; includeInIndex = 0; };
		223B258B8AEA4D42A1500F17 /* IonicKeyboard.m */ = {isa = PBXFileReference; name = "IonicKeyboard.m"; path = "ionic-plugin-keyboard/IonicKeyboard.m"; sourceTree = "<group>"; fileEncoding = 4; lastKnownFileType = sourcecode.c.objc; explicitFileType = undefined; includeInIndex = 0; };
		333B8ED37DF741869A45051B /* IonicKeyboard.h */ = {isa = PBXFileReference; name = "IonicKeyboard.h"; path = "ionic-plugin-keyboard/IonicKeyboard.h"; sourceTree = "<group>"; fileEncoding = 4; lastKnownFileType = sourcecode.c.h; explicitFileType = undefined; includeInIndex = 0; };
/* End PBXFileReference section */

/* Begin PBXFrameworksBuildPhase section */
		1D60588F0D05DD3D006BFB54 /* Frameworks */ = {
			isa = PBXFrameworksBuildPhase;
			buildActionMask = 2147483647;
			files = (
				301BF552109A68D80062928A /* libCordova.a in Frameworks */,
				FE93500A05924E0A95F94E78 /* ImageIO.framework in Frameworks */,
				8B268116456C496BB2780D8B /* CoreLocation.framework in Frameworks */,
				791690F8322848AEAD433D8D /* AVFoundation.framework in Frameworks */,
				D2951A2209B4464D8FF43399 /* AddressBook.framework in Frameworks */,
				473DD36D31DA4291B08714DC /* AddressBookUI.framework in Frameworks */,
				25933955FFC34F84BD0E9595 /* FirebaseAnalytics.framework in Frameworks */,
				F51F52524A5E460AB7E4CB5E /* FirebaseCore.framework in Frameworks */,
				9D7D84F9360B43DAB8653C19 /* FirebaseInstanceID.framework in Frameworks */,
				EAF1B51643134566846D6D9D /* GoogleInterchangeUtilities.framework in Frameworks */,
				8DFCF6CF411943B99333F19A /* GoogleSymbolUtilities.framework in Frameworks */,
				2E10912992AD410D958F14A0 /* GoogleUtilities.framework in Frameworks */,
				817D1D7AA5604D87AE5EE33A /* FirebaseMessaging.framework in Frameworks */,
				66DBDBE594F343EABE48DBEF /* GoogleIPhoneUtilities.framework in Frameworks */,
				E263F49192134C6DB37A1341 /* FirebaseCrash.framework in Frameworks */,
				3963260BED4D45AD9980DE17 /* FirebaseRemoteConfig.framework in Frameworks */,
				7EB8130101AD4F72A23A9D17 /* GoogleAppUtilities.framework in Frameworks */,
				3C753970ECEC4CFFA44A4981 /* GoogleAuthUtilities.framework in Frameworks */,
				8FBECBE8D95E4B1F98AFE85F /* GoogleNetworkingUtilities.framework in Frameworks */,
				87C79CD60A2D4AD696AD2B30 /* GoogleSignIn.framework in Frameworks */,
				C233870E9C87479D9814965B /* GoogleSymbolUtilities.framework in Frameworks */,
				3CECE713C4B94F6A843A0762 /* GoogleUtilities.framework in Frameworks */,
				7A0C4120AFC1438E9B722800 /* CoreText.framework in Frameworks */,
				B0228067D3F8439C8973698D /* SafariServices.framework in Frameworks */,
				21B1BBD3697C42A1801914E8 /* Security.framework in Frameworks */,
				D93E49E1EC5E4949947E3B8D /* SystemConfiguration.framework in Frameworks */,
				DA53623B8A96408BA70956A2 /* libz.tbd in Frameworks */,
				6FDB612155544DC48BD451EC /* libz.dylib in Frameworks */,
			);
			runOnlyForDeploymentPostprocessing = 0;
		};
/* End PBXFrameworksBuildPhase section */

/* Begin PBXGroup section */
		080E96DDFE201D6D7F000001 /* Classes */ = {
			isa = PBXGroup;
			children = (
				302D95EE14D2391D003F00A1 /* MainViewController.h */,
				302D95EF14D2391D003F00A1 /* MainViewController.m */,
				302D95F014D2391D003F00A1 /* MainViewController.xib */,
				1D3623240D0F684500981E51 /* AppDelegate.h */,
				1D3623250D0F684500981E51 /* AppDelegate.m */,
			);
			name = Classes;
			path = "TOLK/Classes";
			sourceTree = SOURCE_ROOT;
		};
		19C28FACFE9D520D11CA2CBB /* Products */ = {
			isa = PBXGroup;
			children = (
				1D6058910D05DD3D006BFB54 /* TOLK.app */,
			);
			name = Products;
			sourceTree = "<group>";
		};
		29B97314FDCFA39411CA2CEA /* CustomTemplate */ = {
			isa = PBXGroup;
			children = (
				EB87FDF41871DAF40020F90C /* config.xml */,
				EB87FDF31871DA8E0020F90C /* www */,
				EB87FDF11871DA420020F90C /* Staging */,
				301BF52D109A57CC0062928A /* CordovaLib.xcodeproj */,
				080E96DDFE201D6D7F000001 /* Classes */,
				307C750510C5A3420062BCA9 /* Plugins */,
				29B97315FDCFA39411CA2CEA /* Other Sources */,
				29B97317FDCFA39411CA2CEA /* Resources */,
				29B97323FDCFA39411CA2CEA /* Frameworks */,
				19C28FACFE9D520D11CA2CBB /* Products */,
			);
			name = CustomTemplate;
			sourceTree = "<group>";
		};
		29B97315FDCFA39411CA2CEA /* Other Sources */ = {
			isa = PBXGroup;
			children = (
				32CA4F630368D1EE00C91783 /* TOLK-Prefix.pch */,
				29B97316FDCFA39411CA2CEA /* main.m */,
				ED33DF2A687741AEAF9F8254 /* Bridging-Header.h */,
			);
			name = "Other Sources";
			path = "TOLK";
			sourceTree = "<group>";
		};
		29B97317FDCFA39411CA2CEA /* Resources */ = {
			isa = PBXGroup;
			children = (
				0207DA571B56EA530066E2B4 /* Images.xcassets */,
				3047A50E1AB8057F00498E2A /* config */,
				8D1107310486CEB800E47090 /* TOLK-Info.plist */,
				6AFF5BF81D6E424B00AB3073 /* CDVLaunchScreen.storyboard */,
				C3619C957E8347C48BCAFC2F /* GoogleService-Info.plist */,
				7D0D3239464A4F8C8F887A54 /* CDVCapture.bundle */,
			);
			name = Resources;
			path = "TOLK/Resources";
			sourceTree = "<group>";
		};
		29B97323FDCFA39411CA2CEA /* Frameworks */ = {
			isa = PBXGroup;
			children = (
				709E67838AAA47DB98EE509F /* ImageIO.framework */,
				DF73BC9560744B2CB3629570 /* CoreLocation.framework */,
				A02CB64EB9C74159A6DC73AA /* AVFoundation.framework */,
				D2FF9879817748BEBF314773 /* AddressBook.framework */,
				01654586B2FC4412B897F956 /* AddressBookUI.framework */,
				A9477CCE47304F8FA0E0BB62 /* FirebaseAnalytics.framework */,
				3127564958FA4B80B6C2ADB9 /* FirebaseCore.framework */,
				F3196A9BB9CE41BD8DC05514 /* FirebaseInstanceID.framework */,
				CD3033D7E0EF49DD9EA73ABA /* GoogleInterchangeUtilities.framework */,
				B97B27851B9B4E28AB62CE6F /* GoogleSymbolUtilities.framework */,
				BD86595B33C648D3A87CEFCE /* GoogleUtilities.framework */,
				754897C03EB74D66B6B47838 /* FirebaseMessaging.framework */,
				86040BE2C32940F2884FD083 /* GoogleIPhoneUtilities.framework */,
				9A219A822C744ABA912D2838 /* FirebaseCrash.framework */,
				0E531940EAA840FB99001399 /* FirebaseRemoteConfig.framework */,
				3A2644752C2C4990B13707D3 /* GoogleAppUtilities.framework */,
				1B66D52615BE43528897ECD3 /* GoogleAuthUtilities.framework */,
				8E839FC83BD64372B5E0A962 /* GoogleNetworkingUtilities.framework */,
				283A310D040E4D4992246ABB /* GoogleSignIn.framework */,
				E5EC545BEB0F492197465043 /* GoogleSymbolUtilities.framework */,
				AD24B08B22A84476A628B50D /* GoogleUtilities.framework */,
				E25C74D690CB404C99A90108 /* CoreText.framework */,
				EC516E79884B410EB95845FF /* SafariServices.framework */,
				CD3252B6DF664948BEBBF55D /* Security.framework */,
				73CFAF01222343A0B5D25C98 /* SystemConfiguration.framework */,
				7F7E25BD5F844892B1B89E2E /* libz.tbd */,
				D2DBEE9CE2844D4D8AF039E9 /* libz.dylib */,
			);
			name = Frameworks;
			sourceTree = "<group>";
		};
		301BF52E109A57CC0062928A /* Products */ = {
			isa = PBXGroup;
			children = (
				301BF535109A57CC0062928A /* libCordova.a */,
			);
			name = Products;
			sourceTree = "<group>";
		};
		3047A50E1AB8057F00498E2A /* config */ = {
			isa = PBXGroup;
			children = (
				3047A50F1AB8059700498E2A /* build-debug.xcconfig */,
				3047A5101AB8059700498E2A /* build-release.xcconfig */,
				3047A5111AB8059700498E2A /* build.xcconfig */,
			);
			name = config;
			sourceTree = "<group>";
		};
		307C750510C5A3420062BCA9 /* Plugins */ = {
			isa = PBXGroup;
			children = (
				75D361303E0B45DC8B00B33C /* UIImage+CropScaleOrientation.m */,
				5E8E414F69D5495E8A532784 /* CDVCamera.m */,
				A4838733EFD14B6289FE45A7 /* CDVJpegHeaderWriter.m */,
				12149B791FE74A18A5454422 /* UIImage+CropScaleOrientation.h */,
				85DE8C12D05D4DE4AD5EB001 /* CDVCamera.h */,
				DA90A8C623F24A58BC157284 /* CDVJpegHeaderWriter.h */,
				974BCAF4CBB243999B6B5345 /* CDVExif.h */,
				8707E7C403774FACA0E6D090 /* CDVLogger.m */,
				F3899A6C1F184F038CE31E52 /* CDVLogger.h */,
				CD8F6163D11A447FAC620483 /* CDVContacts.m */,
				1010E313461C4B56BAA5E4A2 /* CDVContact.m */,
				CFB5D067E68D438CBA8417F6 /* CDVContacts.h */,
				C101224550C743CB8D5895DE /* CDVContact.h */,
				2B5F22EBA13045B9B1E3982F /* CDVDevice.m */,
				486B7A7BDB15467CA285C494 /* CDVDevice.h */,
				550EED81435149F18279835C /* CDVFile.m */,
				47E49B2937874EBA93526CDA /* CDVLocalFilesystem.m */,
				D79D5292E1B64DFA9CF9A497 /* CDVAssetLibraryFilesystem.m */,
				60C8AC740B924A25A6AFFC89 /* CDVFile.h */,
				FCF8C61BA0E04F5E972623CF /* CDVLocalFilesystem.h */,
				32C3677B321D480590692A8C /* CDVAssetLibraryFilesystem.h */,
				2A2298F0B1664A839736C107 /* AppDelegate+FirebasePlugin.m */,
				2477F7ED0466431994177003 /* FirebasePlugin.m */,
				5FA08867DEDF40DA823EE56C /* AppDelegate+FirebasePlugin.h */,
				90363CDE1FAB4A30B3B886F2 /* FirebasePlugin.h */,
				81A5696C08464ED8ADE42B8A /* Firebase.h */,
				9E0365C2873E4813827D8D25 /* CDVLocation.m */,
				F7EF229F58AA4E768A77CFCE /* CDVLocation.h */,
				D6892B8CAE3A43A89EDF7ADC /* GooglePlus.m */,
				2B1FAB85F2654926B4D218A4 /* GooglePlus.h */,
				61769D3EC2A54E4D98F23F6D /* CDVCapture.m */,
				14E80951922D49AC9CDB8C78 /* CDVCapture.h */,
				98D6BAEE993D472A93CC8177 /* CDVSplashScreen.m */,
				1676EF0D3D244D92AEC99C81 /* CDVViewController+SplashScreen.m */,
				DBCD4B2C86DB442592B6F424 /* CDVSplashScreen.h */,
				A950361A1058400A9ACB6BC1 /* CDVViewController+SplashScreen.h */,
				EEAE34BD749243609170C16F /* CDVStatusBar.m */,
				6BCA7ABC1802429B92F30CB9 /* CDVStatusBar.h */,
				223B258B8AEA4D42A1500F17 /* IonicKeyboard.m */,
				333B8ED37DF741869A45051B /* IonicKeyboard.h */,
			);
			name = Plugins;
			path = "TOLK/Plugins";
			sourceTree = SOURCE_ROOT;
		};
		EB87FDF11871DA420020F90C /* Staging */ = {
			isa = PBXGroup;
			children = (
				F840E1F0165FE0F500CFE078 /* config.xml */,
				301BF56E109A69640062928A /* www */,
			);
			name = Staging;
			sourceTree = "<group>";
		};
/* End PBXGroup section */

/* Begin PBXNativeTarget section */
		1D6058900D05DD3D006BFB54 /* TOLK */ = {
			isa = PBXNativeTarget;
			buildConfigurationList = 1D6058960D05DD3E006BFB54 /* Build configuration list for PBXNativeTarget "TOLK" */;
			buildPhases = (
				304B58A110DAC018002A0835 /* Copy www directory */,
				1D60588D0D05DD3D006BFB54 /* Resources */,
				1D60588E0D05DD3D006BFB54 /* Sources */,
				1D60588F0D05DD3D006BFB54 /* Frameworks */,
			);
			buildRules = (
			);
			dependencies = (
				301BF551109A68C00062928A /* PBXTargetDependency */,
			);
			name = "TOLK";
			productName = "TOLK";
			productReference = 1D6058910D05DD3D006BFB54 /* TOLK.app */;
			productType = "com.apple.product-type.application";
		};
/* End PBXNativeTarget section */

/* Begin PBXProject section */
		29B97313FDCFA39411CA2CEA /* Project object */ = {
			isa = PBXProject;
			attributes = {
				LastUpgradeCheck = 510;
			};
			buildConfigurationList = C01FCF4E08A954540054247B /* Build configuration list for PBXProject "__NON-CLI__" */;
			compatibilityVersion = "Xcode 3.2";
			developmentRegion = English;
			hasScannedForEncodings = 1;
			mainGroup = 29B97314FDCFA39411CA2CEA /* CustomTemplate */;
			projectDirPath = "";
			projectReferences = (
				{
					ProductGroup = 301BF52E109A57CC0062928A /* Products */;
					ProjectRef = 301BF52D109A57CC0062928A /* CordovaLib.xcodeproj */;
				},
			);
			projectRoot = "";
			targets = (
				1D6058900D05DD3D006BFB54 /* TOLK */,
			);
		};
/* End PBXProject section */

/* Begin PBXReferenceProxy section */
		301BF535109A57CC0062928A /* libCordova.a */ = {
			isa = PBXReferenceProxy;
			fileType = archive.ar;
			path = libCordova.a;
			remoteRef = 301BF534109A57CC0062928A /* PBXContainerItemProxy */;
			sourceTree = BUILT_PRODUCTS_DIR;
		};
/* End PBXReferenceProxy section */

/* Begin PBXResourcesBuildPhase section */
		1D60588D0D05DD3D006BFB54 /* Resources */ = {
			isa = PBXResourcesBuildPhase;
			buildActionMask = 2147483647;
			files = (
				302D95F214D2391D003F00A1 /* MainViewController.xib in Resources */,
				0207DA581B56EA530066E2B4 /* Images.xcassets in Resources */,
				6AFF5BF91D6E424B00AB3073 /* CDVLaunchScreen.storyboard in Resources */,
				E0FF2E3ADAA74AEBAD056620 /* GoogleService-Info.plist in Resources */,
				C00C8B0E0D3B4323A4E1FECA /* CDVCapture.bundle in Resources */,
			);
			runOnlyForDeploymentPostprocessing = 0;
		};
/* End PBXResourcesBuildPhase section */

/* Begin PBXShellScriptBuildPhase section */
		304B58A110DAC018002A0835 /* Copy www directory */ = {
			isa = PBXShellScriptBuildPhase;
			buildActionMask = 2147483647;
			files = (
			);
			inputPaths = (
			);
			name = "Copy www directory";
			outputPaths = (
			);
			runOnlyForDeploymentPostprocessing = 0;
			shellPath = /bin/sh;
			shellScript = "NODEJS_PATH=/usr/local/bin; NVM_NODE_PATH=~/.nvm/versions/node/`nvm version 2>/dev/null`/bin; N_NODE_PATH=`find /usr/local/n/versions/node/* -maxdepth 0 -type d 2>/dev/null | tail -1`/bin; XCODE_NODE_PATH=`xcode-select --print-path`/usr/share/xcs/Node/bin; PATH=$NODEJS_PATH:$NVM_NODE_PATH:$N_NODE_PATH:$XCODE_NODE_PATH:$PATH && node cordova/lib/copy-www-build-step.js";
			showEnvVarsInLog = 0;
		};
/* End PBXShellScriptBuildPhase section */

/* Begin PBXSourcesBuildPhase section */
		1D60588E0D05DD3D006BFB54 /* Sources */ = {
			isa = PBXSourcesBuildPhase;
			buildActionMask = 2147483647;
			files = (
				1D60589B0D05DD56006BFB54 /* main.m in Sources */,
				1D3623260D0F684500981E51 /* AppDelegate.m in Sources */,
				302D95F114D2391D003F00A1 /* MainViewController.m in Sources */,
				8A84C9B8492D41FBA46CA883 /* UIImage+CropScaleOrientation.m in Sources */,
				5EA14BB8A81140A8928BC620 /* CDVCamera.m in Sources */,
				1EE64599610A49688F29837C /* CDVJpegHeaderWriter.m in Sources */,
				59ED14DDA4F346B88241589C /* CDVLogger.m in Sources */,
				F484CF380D124FD1A2EED353 /* CDVContacts.m in Sources */,
				CAD363BE47A141F1BFFAEED9 /* CDVContact.m in Sources */,
				63BA35965AD3438190F1686A /* CDVDevice.m in Sources */,
				36E2DC323AC4410C9E1B3D3A /* CDVFile.m in Sources */,
				E53E424DB67D408480F609A6 /* CDVLocalFilesystem.m in Sources */,
				339D027938A946069894DEE5 /* CDVAssetLibraryFilesystem.m in Sources */,
				B1ACBDE972AD4A3FBA823DD4 /* AppDelegate+FirebasePlugin.m in Sources */,
				3CB2DE63BB844296A865A52F /* FirebasePlugin.m in Sources */,
				58E899C7E86E4FFF84D453A3 /* CDVLocation.m in Sources */,
				A271F0DDBDD24CBC95E71F8A /* GooglePlus.m in Sources */,
				34538713E4C94B98A02663D4 /* CDVCapture.m in Sources */,
				DCFE03D61E754052BB82471C /* CDVSplashScreen.m in Sources */,
				3D5F5D6BD69A4DB5AABA8BC1 /* CDVViewController+SplashScreen.m in Sources */,
				BCF6E0E067D04547ACB39E3D /* CDVStatusBar.m in Sources */,
				27D413F991A7491E9B81FE5C /* IonicKeyboard.m in Sources */,
			);
			runOnlyForDeploymentPostprocessing = 0;
		};
/* End PBXSourcesBuildPhase section */

/* Begin PBXTargetDependency section */
		301BF551109A68C00062928A /* PBXTargetDependency */ = {
			isa = PBXTargetDependency;
			name = CordovaLib;
			targetProxy = 301BF550109A68C00062928A /* PBXContainerItemProxy */;
		};
/* End PBXTargetDependency section */

/* Begin XCBuildConfiguration section */
		1D6058940D05DD3E006BFB54 /* Debug */ = {
			isa = XCBuildConfiguration;
			baseConfigurationReference = 3047A50F1AB8059700498E2A /* build-debug.xcconfig */;
			buildSettings = {
				ALWAYS_SEARCH_USER_PATHS = NO;
				ASSETCATALOG_COMPILER_APPICON_NAME = AppIcon;
				ASSETCATALOG_COMPILER_LAUNCHIMAGE_NAME = LaunchImage;
				CLANG_ENABLE_MODULES = YES;
				CLANG_ENABLE_OBJC_ARC = YES;
				COPY_PHASE_STRIP = NO;
				GCC_DYNAMIC_NO_PIC = NO;
				GCC_OPTIMIZATION_LEVEL = 0;
				GCC_PRECOMPILE_PREFIX_HEADER = YES;
				GCC_PREFIX_HEADER = "TOLK/TOLK-Prefix.pch";
				GCC_THUMB_SUPPORT = NO;
				GCC_VERSION = "";
				INFOPLIST_FILE = "TOLK/TOLK-Info.plist";
				IPHONEOS_DEPLOYMENT_TARGET = 9.0;
				LD_RUNPATH_SEARCH_PATHS = "@executable_path/Frameworks";
				TARGETED_DEVICE_FAMILY = "1,2";
				PRODUCT_NAME = "TOLK";
				FRAMEWORK_SEARCH_PATHS = (
					"$(inherited)",
					"\"TOLK/Plugins/cordova-plugin-firebase\"",
					"\"TOLK/Plugins/cordova-plugin-firebase\"",
					"\"TOLK/Plugins/cordova-plugin-firebase\"",
					"\"TOLK/Plugins/cordova-plugin-firebase\"",
					"\"TOLK/Plugins/cordova-plugin-firebase\"",
					"\"TOLK/Plugins/cordova-plugin-firebase\"",
					"\"TOLK/Plugins/cordova-plugin-firebase\"",
					"\"TOLK/Plugins/cordova-plugin-firebase\"",
					"\"TOLK/Plugins/cordova-plugin-firebase\"",
					"\"TOLK/Plugins/cordova-plugin-firebase\"",
					"\"TOLK/Plugins/cordova-plugin-googleplus\"",
					"\"TOLK/Plugins/cordova-plugin-googleplus\"",
					"\"TOLK/Plugins/cordova-plugin-googleplus\"",
					"\"TOLK/Plugins/cordova-plugin-googleplus\"",
					"\"TOLK/Plugins/cordova-plugin-googleplus\"",
					"\"TOLK/Plugins/cordova-plugin-googleplus\"",
				);
			};
			name = Debug;
		};
		1D6058950D05DD3E006BFB54 /* Release */ = {
			isa = XCBuildConfiguration;
			baseConfigurationReference = 3047A5101AB8059700498E2A /* build-release.xcconfig */;
			buildSettings = {
				ALWAYS_SEARCH_USER_PATHS = NO;
				ASSETCATALOG_COMPILER_APPICON_NAME = AppIcon;
				ASSETCATALOG_COMPILER_LAUNCHIMAGE_NAME = LaunchImage;
				CLANG_ENABLE_MODULES = YES;
				CLANG_ENABLE_OBJC_ARC = YES;
				COPY_PHASE_STRIP = YES;
				GCC_PRECOMPILE_PREFIX_HEADER = YES;
				GCC_PREFIX_HEADER = "TOLK/TOLK-Prefix.pch";
				GCC_THUMB_SUPPORT = NO;
				GCC_VERSION = "";
				INFOPLIST_FILE = "TOLK/TOLK-Info.plist";
				IPHONEOS_DEPLOYMENT_TARGET = 9.0;
				LD_RUNPATH_SEARCH_PATHS = "@executable_path/Frameworks";
				TARGETED_DEVICE_FAMILY = "1,2";
				PRODUCT_NAME = "TOLK";
				FRAMEWORK_SEARCH_PATHS = (
					"$(inherited)",
					"\"TOLK/Plugins/cordova-plugin-firebase\"",
					"\"TOLK/Plugins/cordova-plugin-firebase\"",
					"\"TOLK/Plugins/cordova-plugin-firebase\"",
					"\"TOLK/Plugins/cordova-plugin-firebase\"",
					"\"TOLK/Plugins/cordova-plugin-firebase\"",
					"\"TOLK/Plugins/cordova-plugin-firebase\"",
					"\"TOLK/Plugins/cordova-plugin-firebase\"",
					"\"TOLK/Plugins/cordova-plugin-firebase\"",
					"\"TOLK/Plugins/cordova-plugin-firebase\"",
					"\"TOLK/Plugins/cordova-plugin-firebase\"",
					"\"TOLK/Plugins/cordova-plugin-googleplus\"",
					"\"TOLK/Plugins/cordova-plugin-googleplus\"",
					"\"TOLK/Plugins/cordova-plugin-googleplus\"",
					"\"TOLK/Plugins/cordova-plugin-googleplus\"",
					"\"TOLK/Plugins/cordova-plugin-googleplus\"",
					"\"TOLK/Plugins/cordova-plugin-googleplus\"",
				);
			};
			name = Release;
		};
		C01FCF4F08A954540054247B /* Debug */ = {
			isa = XCBuildConfiguration;
			baseConfigurationReference = 3047A5111AB8059700498E2A /* build.xcconfig */;
			buildSettings = {
				CLANG_ENABLE_MODULES = YES;
				CLANG_ENABLE_OBJC_ARC = YES;
				CLANG_WARN_BOOL_CONVERSION = YES;
				CLANG_WARN_CONSTANT_CONVERSION = YES;
				CLANG_WARN_EMPTY_BODY = YES;
				CLANG_WARN_ENUM_CONVERSION = YES;
				CLANG_WARN_INT_CONVERSION = YES;
				CLANG_WARN__DUPLICATE_METHOD_MATCH = YES;
				GCC_C_LANGUAGE_STANDARD = c99;
				GCC_THUMB_SUPPORT = NO;
				GCC_VERSION = "";
				GCC_WARN_ABOUT_RETURN_TYPE = YES;
				GCC_WARN_UNDECLARED_SELECTOR = YES;
				GCC_WARN_UNINITIALIZED_AUTOS = YES;
				GCC_WARN_UNUSED_FUNCTION = YES;
				GCC_WARN_UNUSED_VARIABLE = YES;
				ONLY_ACTIVE_ARCH = YES;
				SDKROOT = iphoneos;
				SKIP_INSTALL = NO;
				ASSETCATALOG_COMPILER_LAUNCHIMAGE_NAME = LaunchImage;
			};
			name = Debug;
		};
		C01FCF5008A954540054247B /* Release */ = {
			isa = XCBuildConfiguration;
			baseConfigurationReference = 3047A5111AB8059700498E2A /* build.xcconfig */;
			buildSettings = {
				CLANG_ENABLE_MODULES = YES;
				CLANG_ENABLE_OBJC_ARC = YES;
				CLANG_WARN_BOOL_CONVERSION = YES;
				CLANG_WARN_CONSTANT_CONVERSION = YES;
				CLANG_WARN_EMPTY_BODY = YES;
				CLANG_WARN_ENUM_CONVERSION = YES;
				CLANG_WARN_INT_CONVERSION = YES;
				CLANG_WARN__DUPLICATE_METHOD_MATCH = YES;
				GCC_C_LANGUAGE_STANDARD = c99;
				GCC_THUMB_SUPPORT = NO;
				GCC_VERSION = "";
				GCC_WARN_ABOUT_RETURN_TYPE = YES;
				GCC_WARN_UNDECLARED_SELECTOR = YES;
				GCC_WARN_UNINITIALIZED_AUTOS = YES;
				GCC_WARN_UNUSED_FUNCTION = YES;
				GCC_WARN_UNUSED_VARIABLE = YES;
				SDKROOT = iphoneos;
				SKIP_INSTALL = NO;
				ASSETCATALOG_COMPILER_LAUNCHIMAGE_NAME = LaunchImage;
			};
			name = Release;
		};
/* End XCBuildConfiguration section */

/* Begin XCConfigurationList section */
		1D6058960D05DD3E006BFB54 /* Build configuration list for PBXNativeTarget "TOLK" */ = {
			isa = XCConfigurationList;
			buildConfigurations = (
				1D6058940D05DD3E006BFB54 /* Debug */,
				1D6058950D05DD3E006BFB54 /* Release */,
			);
			defaultConfigurationIsVisible = 0;
			defaultConfigurationName = Release;
		};
		C01FCF4E08A954540054247B /* Build configuration list for PBXProject "__NON-CLI__" */ = {
			isa = XCConfigurationList;
			buildConfigurations = (
				C01FCF4F08A954540054247B /* Debug */,
				C01FCF5008A954540054247B /* Release */,
			);
			defaultConfigurationIsVisible = 0;
			defaultConfigurationName = Release;
		};
/* End XCConfigurationList section */
	};
	rootObject = 29B97313FDCFA39411CA2CEA /* Project object */;
}
